PODS:
  - 1PasswordExtension (1.8.5)
  - Alamofire (4.6.0)
  - APIKit (3.1.1):
    - Result (~> 3.0)
  - BigInt (3.0.1):
    - SipHash (~> 1.2)
  - BonMot (5.0)
  - Crashlytics (3.9.3):
    - Fabric (~> 1.7.2)
  - CryptoSwift (0.8.0)
  - Eureka (4.0.1)
  - Fabric (1.7.2)
  - Geth (1.7.3)
  - JavaScriptKit (1.0.0):
    - Result (~> 3.1)
  - JSONRPCKit (2.0.0):
    - Result (~> 3.0)
  - KeychainSwift (10.0.0)
  - Kingfisher (4.5.0)
  - Lokalise (0.8.0)
  - MBProgressHUD (1.1.0)
  - Moya (10.0.1):
    - Moya/Core (= 10.0.1)
  - Moya/Core (10.0.1):
    - Alamofire (~> 4.1)
    - Result (~> 3.0)
  - QRCodeReaderViewController (4.0.2)
  - R.swift (4.0.0):
    - R.swift.Library (~> 4.0.0)
  - R.swift.Library (4.0.0)
  - Realm (3.0.2):
    - Realm/Headers (= 3.0.2)
  - Realm/Headers (3.0.2)
  - RealmSwift (3.0.2):
    - Realm (= 3.0.2)
  - Result (3.2.4)
  - SeedStackViewController (0.4.0)
  - SipHash (1.2.0)
  - SSKeychain (1.4.1)
  - StatefulViewController (3.0)
  - SwiftLint (0.24.0)
  - VENTouchLock (1.12.0):
    - SSKeychain (~> 1.0)

DEPENDENCIES:
  - 1PasswordExtension
  - APIKit
  - BigInt (~> 3.0)
  - BonMot (~> 5.0)
  - Crashlytics
  - CryptoSwift (from `https://github.com/krzyzanowskim/CryptoSwift`, branch `master`)
  - Eureka (~> 4.0.1)
  - Fabric
  - Geth
  - JavaScriptKit
  - JSONRPCKit (from `https://github.com/bricklife/JSONRPCKit.git`)
  - KeychainSwift
  - Kingfisher (~> 4.0)
  - Lokalise
  - MBProgressHUD
  - Moya (~> 10.0.1)
  - QRCodeReaderViewController (from `https://github.com/yannickl/QRCodeReaderViewController.git`, branch `master`)
  - R.swift
  - RealmSwift
  - SeedStackViewController
  - StatefulViewController
  - SwiftLint
  - VENTouchLock

EXTERNAL SOURCES:
  CryptoSwift:
    :branch: master
    :git: https://github.com/krzyzanowskim/CryptoSwift
  JSONRPCKit:
    :git: https://github.com/bricklife/JSONRPCKit.git
  QRCodeReaderViewController:
    :branch: master
    :git: https://github.com/yannickl/QRCodeReaderViewController.git

CHECKOUT OPTIONS:
  CryptoSwift:
    :commit: 577e94f6060184f3ad72503aedd43d58272a8f2d
    :git: https://github.com/krzyzanowskim/CryptoSwift
  JSONRPCKit:
    :commit: 50d19a4f7ec593ac5e07cffa1e11c17f1fbe347d
    :git: https://github.com/bricklife/JSONRPCKit.git
  QRCodeReaderViewController:
    :commit: 80bd79cbeede842949b229f81bc6328f53701c5a
    :git: https://github.com/yannickl/QRCodeReaderViewController.git

SPEC CHECKSUMS:
  1PasswordExtension: 0e95bdea64ec8ff2f4f693be5467a09fac42a83d
  Alamofire: f41a599bd63041760b26d393ec1069d9d7b917f4
  APIKit: 7460983f490d3bde6aaaaa4164d18c9865a6f91d
  BigInt: 8e8a52161c745cd3ab78e3dc346a9fbee51e6cf6
  BonMot: 3ff354572f2aa9295d3760947f7578490cb810be
  Crashlytics: dbb07d01876c171c5ccbdf7826410380189e452c
  CryptoSwift: 475ae2a25439f52412686d68b854c0ca724c8dfd
  Eureka: c8bd5cc07143b6f66268c208d28a246c99b41955
  Fabric: 9cd6a848efcf1b8b07497e0b6a2e7d336353ba15
  Geth: 45a08eeef7a20e58dfc09a455563ffe210941a96
  JavaScriptKit: 9ff565209e6efe21bcb9c6d6ca3e863a67a8ecf7
  JSONRPCKit: 22132c575ba2dc6f2f4ae72fda4943a63efca686
  KeychainSwift: f9f7910449a0c0fd2cabc889121530dd2c477c33
  Kingfisher: 26ae0473102b77b575da51960c932431e3745407
  Lokalise: 9547ef438a2d25cfba0b4c02201d3c39b3db35fb
  MBProgressHUD: e7baa36a220447d8aeb12769bf0585582f3866d9
  Moya: 9e621707ff754eeb51ff3ec51a3d54e517c0733a
  QRCodeReaderViewController: e8f27d035b3e72b1d4b1c61ff66458287e3be0ff
  R.swift: d6a5ec2f55a8441dc0ed9f1f8b37d7d11ae85c66
  R.swift.Library: c3af34921024333546e23b70e70d0b4e0cffca75
  Realm: 6f23fd1f178a09342eac21bfa7c2bf4312a7a180
  RealmSwift: 695393add1b8f9d5fa75dd16e6355cf3935f71e2
  Result: d2d07204ce72856f1fd9130bbe42c35a7b0fea10
  SeedStackViewController: 45e88ca1493a610e74d661d3feced7098f72dbd3
  SipHash: c6e9e43e9c531b5bc6602545130c26194a6d31ce
  SSKeychain: 55cc80f66f5c73da827e3077f02e43528897db41
  StatefulViewController: 4803bf900d44de26074344998e10e041113b5931
  SwiftLint: a014c92b4664e8b13f380f8640a51bb1733778ba
  VENTouchLock: 20d378b9c6173e2c054448aeb3fb2f40822a9f3f

PODFILE CHECKSUM: bd400fd141466f056f7927d395076f3a89c2502c

COCOAPODS: 1.3.1
