PODS:
  - 1PasswordExtension (1.8.4)
  - Alamofire (4.5.1)
  - APIKit (3.1.1):
    - Result (~> 3.0)
  - BonMot (4.3.1)
  - CryptoSwift (0.8.0)
  - EAIntroView (2.10.0):
    - EARestrictedScrollView (~> 1.1.0)
  - EARestrictedScrollView (1.1.0)
  - Eureka (3.0.0)
  - Geth (1.7.0)
  - JavaScriptKit (1.0.0):
    - Result (~> 3.1)
  - JSONRPCKit (2.0.0):
    - Result (~> 3.0)
  - KeychainSwift (9.0.2)
  - Lokalise (0.6.3):
    - zipzap (= 8.1.1)
  - MBProgressHUD (1.0.0)
  - Moya (10.0.0-beta.1):
    - Moya/Core (= 10.0.0-beta.1)
  - Moya/Core (10.0.0-beta.1):
    - Alamofire (~> 4.1)
    - Result (~> 3.0)
  - QRCodeReaderViewController (4.0.2)
  - R.swift (4.0.0):
    - R.swift.Library (~> 4.0.0)
  - R.swift.Library (4.0.0)
  - Realm (2.10.1):
    - Realm/Headers (= 2.10.1)
  - Realm/Headers (2.10.1)
  - RealmSwift (2.10.1):
    - Realm (= 2.10.1)
  - Result (3.2.4)
  - SeedStackViewController (0.3.0)
  - SSKeychain (1.4.1)
  - StatefulViewController (3.0)
  - SwiftLint (0.23.1)
  - VENTouchLock (1.12.0):
    - SSKeychain (~> 1.0)
  - zipzap (8.1.1)

DEPENDENCIES:
  - 1PasswordExtension
  - APIKit
  - BonMot
  - CryptoSwift
  - EAIntroView
  - Eureka (from `https://github.com/xmartlabs/Eureka.git`, branch `feature/Xcode9-Swift3_2`)
  - Geth
  - JavaScriptKit
  - JSONRPCKit (from `https://github.com/bricklife/JSONRPCKit.git`)
  - KeychainSwift
  - Lokalise
  - MBProgressHUD
  - Moya (= 10.0.0-beta.1)
  - QRCodeReaderViewController
  - R.swift
  - RealmSwift
  - SeedStackViewController (from `https://github.com/seedco/StackViewController.git`, branch `swift32`)
  - StatefulViewController
  - SwiftLint
  - VENTouchLock

EXTERNAL SOURCES:
  Eureka:
    :branch: feature/Xcode9-Swift3_2
    :git: https://github.com/xmartlabs/Eureka.git
  JSONRPCKit:
    :git: https://github.com/bricklife/JSONRPCKit.git
  SeedStackViewController:
    :branch: swift32
    :git: https://github.com/seedco/StackViewController.git

CHECKOUT OPTIONS:
  Eureka:
    :commit: 170433bedb6db4228da60eb6c866156b6b29e666
    :git: https://github.com/xmartlabs/Eureka.git
  JSONRPCKit:
    :commit: 50d19a4f7ec593ac5e07cffa1e11c17f1fbe347d
    :git: https://github.com/bricklife/JSONRPCKit.git
  SeedStackViewController:
    :commit: d25bf043176b661d3039405899270404ab80745a
    :git: https://github.com/seedco/StackViewController.git

SPEC CHECKSUMS:
  1PasswordExtension: e775a29310c65851e5a6cec1afc349ab4e334e47
  Alamofire: 2d95912bf4c34f164fdfc335872e8c312acaea4a
  APIKit: 7460983f490d3bde6aaaaa4164d18c9865a6f91d
  BonMot: 043bb5a8834cc6d74e9d624742272b92385e0a27
  CryptoSwift: f81907430ebbe38b8404b4f6fb40f3c576a8755f
  EAIntroView: 3494b7bbd1212e3a4f7e8d16194a1b00e7b9abb2
  EARestrictedScrollView: b0c2a3f92fb2610bb44d71c5e4893777c89e45ef
  Eureka: 5b9418d7bfdc21ca977d69d124a6409f3e9af2c7
  Geth: a2a2b98bbe0605064f1dd97b8b1cff8b5c0e2701
  JavaScriptKit: 9ff565209e6efe21bcb9c6d6ca3e863a67a8ecf7
  JSONRPCKit: 22132c575ba2dc6f2f4ae72fda4943a63efca686
  KeychainSwift: 3ab1d428d0dbff59cd056f1d0bfc640b36c2b081
  Lokalise: cda831fccdc4c24889f6e86c572cbcaa1fe47659
  MBProgressHUD: 4890f671c94e8a0f3cf959aa731e9de2f036d71a
  Moya: 7fb3c51aa9b3fdf5ea7d9412e03b63edb9559fb3
  QRCodeReaderViewController: e8f27d035b3e72b1d4b1c61ff66458287e3be0ff
  R.swift: d6a5ec2f55a8441dc0ed9f1f8b37d7d11ae85c66
  R.swift.Library: c3af34921024333546e23b70e70d0b4e0cffca75
  Realm: fc7a317a5c2c9ba91f5f235ede4e2ea76e9eba0c
  RealmSwift: 505ed6c15942a2e76f5cfa78a8667cfa997ee75b
  Result: d2d07204ce72856f1fd9130bbe42c35a7b0fea10
  SeedStackViewController: 9c9a0a7e1488c08872bc610926becb8865710fb1
  SSKeychain: 55cc80f66f5c73da827e3077f02e43528897db41
  StatefulViewController: 4803bf900d44de26074344998e10e041113b5931
  SwiftLint: 1b670ce79284c76520f84060e87d645078fd32fa
  VENTouchLock: 20d378b9c6173e2c054448aeb3fb2f40822a9f3f
  zipzap: 940162d9c9c60472c2eab341385e4214da0fdf1c

PODFILE CHECKSUM: da3eab71e4634a09813144d913be79b4f9551fea

COCOAPODS: 1.3.1
