// !$*UTF8*$!
{
	archiveVersion = 1;
	classes = {
	};
	objectVersion = 48;
	objects = {

/* Begin PBXBuildFile section */
		1D2831CD94641E5166E3A798 /* Pods_TrustUITests.framework in Frameworks */ = {isa = PBXBuildFile; fileRef = 0AEE09E815DB68F6634F89AA /* Pods_TrustUITests.framework */; };
		2912CCF91F6A830700C6CBE3 /* AppDelegate.swift in Sources */ = {isa = PBXBuildFile; fileRef = 2912CCF81F6A830700C6CBE3 /* AppDelegate.swift */; };
		2912CD021F6A830700C6CBE3 /* Assets.xcassets in Resources */ = {isa = PBXBuildFile; fileRef = 2912CD011F6A830700C6CBE3 /* Assets.xcassets */; };
		2912CD101F6A830700C6CBE3 /* TrustTests.swift in Sources */ = {isa = PBXBuildFile; fileRef = 2912CD0F1F6A830700C6CBE3 /* TrustTests.swift */; };
		2912CD1B1F6A830700C6CBE3 /* TrustUITests.swift in Sources */ = {isa = PBXBuildFile; fileRef = 2912CD1A1F6A830700C6CBE3 /* TrustUITests.swift */; };
		2912CD2B1F6A833E00C6CBE3 /* TransactionsViewController.swift in Sources */ = {isa = PBXBuildFile; fileRef = 2912CD2A1F6A833E00C6CBE3 /* TransactionsViewController.swift */; };
		2912CD2D1F6A839700C6CBE3 /* CreateWalletViewController.swift in Sources */ = {isa = PBXBuildFile; fileRef = 2912CD2C1F6A839700C6CBE3 /* CreateWalletViewController.swift */; };
		2912CD2F1F6A83A100C6CBE3 /* ImportWalletViewController.swift in Sources */ = {isa = PBXBuildFile; fileRef = 2912CD2E1F6A83A100C6CBE3 /* ImportWalletViewController.swift */; };
		2912CD321F6A83EE00C6CBE3 /* WelcomeViewController.swift in Sources */ = {isa = PBXBuildFile; fileRef = 2912CD311F6A83EE00C6CBE3 /* WelcomeViewController.swift */; };
		2912CD341F6A849C00C6CBE3 /* WelcomeViewModel.swift in Sources */ = {isa = PBXBuildFile; fileRef = 2912CD331F6A849C00C6CBE3 /* WelcomeViewModel.swift */; };
		2912CD361F6A853300C6CBE3 /* TransactionsViewModel.swift in Sources */ = {isa = PBXBuildFile; fileRef = 2912CD351F6A853300C6CBE3 /* TransactionsViewModel.swift */; };
		291EC9DD1F704D340004EDD0 /* TransactionDataStore.swift in Sources */ = {isa = PBXBuildFile; fileRef = 291EC9DC1F704D340004EDD0 /* TransactionDataStore.swift */; };
		291EC9DF1F7053C50004EDD0 /* NavigationController.swift in Sources */ = {isa = PBXBuildFile; fileRef = 291EC9DE1F7053C50004EDD0 /* NavigationController.swift */; };
		291EC9E21F70565A0004EDD0 /* Transaction.swift in Sources */ = {isa = PBXBuildFile; fileRef = 291EC9E11F70565A0004EDD0 /* Transaction.swift */; };
		291ED08B1F6F5D2100E7E93A /* Bundle.swift in Sources */ = {isa = PBXBuildFile; fileRef = 291ED08A1F6F5D2100E7E93A /* Bundle.swift */; };
		291ED08D1F6F5F0A00E7E93A /* KeyStoreError.swift in Sources */ = {isa = PBXBuildFile; fileRef = 291ED08C1F6F5F0A00E7E93A /* KeyStoreError.swift */; };
		291ED08F1F6F613200E7E93A /* GetTransactionRequest.swift in Sources */ = {isa = PBXBuildFile; fileRef = 291ED08E1F6F613200E7E93A /* GetTransactionRequest.swift */; };
		291ED0921F6FA5D900E7E93A /* RequestViewController.swift in Sources */ = {isa = PBXBuildFile; fileRef = 291ED0911F6FA5D900E7E93A /* RequestViewController.swift */; };
		291F52A21F6B6DCF00B369AB /* EtherClient.swift in Sources */ = {isa = PBXBuildFile; fileRef = 291F52A11F6B6DCF00B369AB /* EtherClient.swift */; };
		291F52A51F6B762300B369AB /* EtherServiceRequest.swift in Sources */ = {isa = PBXBuildFile; fileRef = 291F52A41F6B762300B369AB /* EtherServiceRequest.swift */; };
		291F52A71F6B766100B369AB /* BalanceRequest.swift in Sources */ = {isa = PBXBuildFile; fileRef = 291F52A61F6B766100B369AB /* BalanceRequest.swift */; };
		291F52A91F6B7BE100B369AB /* BlockNumber.swift in Sources */ = {isa = PBXBuildFile; fileRef = 291F52A81F6B7BE100B369AB /* BlockNumber.swift */; };
		291F52B11F6B814300B369AB /* MG Basic Math.swift in Sources */ = {isa = PBXBuildFile; fileRef = 291F52AD1F6B80AF00B369AB /* MG Basic Math.swift */; };
		291F52B21F6B814300B369AB /* MG Benchmark Tools.swift in Sources */ = {isa = PBXBuildFile; fileRef = 291F52AE1F6B80AF00B369AB /* MG Benchmark Tools.swift */; };
		291F52B31F6B814300B369AB /* SMP Bignum Extensions.swift in Sources */ = {isa = PBXBuildFile; fileRef = 291F52AF1F6B80AF00B369AB /* SMP Bignum Extensions.swift */; };
		291F52B41F6B814300B369AB /* SMP Core.swift in Sources */ = {isa = PBXBuildFile; fileRef = 291F52B01F6B80AF00B369AB /* SMP Core.swift */; };
		291F52B51F6B814300B369AB /* SMP String Module.swift in Sources */ = {isa = PBXBuildFile; fileRef = 291F52AC1F6B80AF00B369AB /* SMP String Module.swift */; };
		291F52B71F6B870400B369AB /* CastError.swift in Sources */ = {isa = PBXBuildFile; fileRef = 291F52B61F6B870400B369AB /* CastError.swift */; };
		291F52B91F6B880F00B369AB /* EtherKeystore.swift in Sources */ = {isa = PBXBuildFile; fileRef = 291F52B81F6B880F00B369AB /* EtherKeystore.swift */; };
		291F52BC1F6B8D0600B369AB /* Account.swift in Sources */ = {isa = PBXBuildFile; fileRef = 291F52BB1F6B8D0600B369AB /* Account.swift */; };
		291F52BF1F6C874E00B369AB /* AccountsViewController.swift in Sources */ = {isa = PBXBuildFile; fileRef = 291F52BE1F6C874E00B369AB /* AccountsViewController.swift */; };
		291F52C11F6C8A1F00B369AB /* AccountsViewModel.swift in Sources */ = {isa = PBXBuildFile; fileRef = 291F52C01F6C8A1F00B369AB /* AccountsViewModel.swift */; };
		29282B531F7630970067F88D /* Token.swift in Sources */ = {isa = PBXBuildFile; fileRef = 29282B521F7630970067F88D /* Token.swift */; };
		29282B551F7636080067F88D /* EtherScanServiceRequest.swift in Sources */ = {isa = PBXBuildFile; fileRef = 29282B541F7636080067F88D /* EtherScanServiceRequest.swift */; };
		29282B581F7636840067F88D /* GetTokensRequest.swift in Sources */ = {isa = PBXBuildFile; fileRef = 29282B571F7636840067F88D /* GetTokensRequest.swift */; };
		29285B421F6FB3E60044CF29 /* SendViewController.swift in Sources */ = {isa = PBXBuildFile; fileRef = 29285B411F6FB3E60044CF29 /* SendViewController.swift */; };
		29336FE71F6B245D005E3BFC /* WelcomeViewModelTests.swift in Sources */ = {isa = PBXBuildFile; fileRef = 29A13E271F6A903500E432A2 /* WelcomeViewModelTests.swift */; };
		29358D991F78D1E400925D61 /* SnapshotHelper.swift in Sources */ = {isa = PBXBuildFile; fileRef = 29358D981F78D1E400925D61 /* SnapshotHelper.swift */; };
		29358D9F1F78D5B700925D61 /* Screenshots.swift in Sources */ = {isa = PBXBuildFile; fileRef = 29358D9E1F78D5B700925D61 /* Screenshots.swift */; };
		293B8B411F707F4600356286 /* TransactionViewModel.swift in Sources */ = {isa = PBXBuildFile; fileRef = 293B8B401F707F4600356286 /* TransactionViewModel.swift */; };
		293B8B431F70815900356286 /* BalanceTitleView.swift in Sources */ = {isa = PBXBuildFile; fileRef = 293B8B421F70815900356286 /* BalanceTitleView.swift */; };
		293B8B451F70A20200356286 /* TransactionViewCell.swift in Sources */ = {isa = PBXBuildFile; fileRef = 293B8B441F70A20200356286 /* TransactionViewCell.swift */; };
		294FE5661F72442D00754F31 /* Address.swift in Sources */ = {isa = PBXBuildFile; fileRef = 294FE5651F72442D00754F31 /* Address.swift */; };
		295A59381F71C1B90092F0FC /* AccountsCoordinator.swift in Sources */ = {isa = PBXBuildFile; fileRef = 295A59371F71C1B90092F0FC /* AccountsCoordinator.swift */; };
		296106BF1F7639250006164B /* FetchTransactionsRequest.swift in Sources */ = {isa = PBXBuildFile; fileRef = 296106BE1F7639250006164B /* FetchTransactionsRequest.swift */; };
		296106C21F76403A0006164B /* TokenViewCell.swift in Sources */ = {isa = PBXBuildFile; fileRef = 296106C11F76403A0006164B /* TokenViewCell.swift */; };
		296106C41F7640C50006164B /* TokenViewCellViewModel.swift in Sources */ = {isa = PBXBuildFile; fileRef = 296106C31F7640C50006164B /* TokenViewCellViewModel.swift */; };
		296106C61F7645CC0006164B /* TokensViewController.swift in Sources */ = {isa = PBXBuildFile; fileRef = 296106C51F7645CC0006164B /* TokensViewController.swift */; };
		296106C81F7646590006164B /* TokensViewModel.swift in Sources */ = {isa = PBXBuildFile; fileRef = 296106C71F7646590006164B /* TokensViewModel.swift */; };
		296106CA1F764AB60006164B /* TokensDataStore.swift in Sources */ = {isa = PBXBuildFile; fileRef = 296106C91F764AB60006164B /* TokensDataStore.swift */; };
		296106CC1F776FD00006164B /* WalletCoordinatorTests.swift in Sources */ = {isa = PBXBuildFile; fileRef = 296106CB1F776FD00006164B /* WalletCoordinatorTests.swift */; };
		296106CE1F777E410006164B /* LaunchScreen.storyboard in Resources */ = {isa = PBXBuildFile; fileRef = 296106CD1F777E410006164B /* LaunchScreen.storyboard */; };
		296106D01F778A8D0006164B /* TransferType.swift in Sources */ = {isa = PBXBuildFile; fileRef = 296106CF1F778A8D0006164B /* TransferType.swift */; };
		296106D21F78758A0006164B /* ActiveLabelTypes.swift in Sources */ = {isa = PBXBuildFile; fileRef = 296106D11F78758A0006164B /* ActiveLabelTypes.swift */; };
		296421951F70C1EC00EB363B /* LoadingView.swift in Sources */ = {isa = PBXBuildFile; fileRef = 296421941F70C1EC00EB363B /* LoadingView.swift */; };
		296421971F70C1F200EB363B /* ErrorView.swift in Sources */ = {isa = PBXBuildFile; fileRef = 296421961F70C1F200EB363B /* ErrorView.swift */; };
		296421991F70C1F900EB363B /* EmptyView.swift in Sources */ = {isa = PBXBuildFile; fileRef = 296421981F70C1F900EB363B /* EmptyView.swift */; };
		296AF9A31F733AB30058AF78 /* WalletCoordinator.swift in Sources */ = {isa = PBXBuildFile; fileRef = 296AF9A21F733AB30058AF78 /* WalletCoordinator.swift */; };
		296AF9A51F736BA20058AF78 /* Config.swift in Sources */ = {isa = PBXBuildFile; fileRef = 296AF9A41F736BA20058AF78 /* Config.swift */; };
		296AF9A71F736EC70058AF78 /* RPCServers.swift in Sources */ = {isa = PBXBuildFile; fileRef = 296AF9A61F736EC70058AF78 /* RPCServers.swift */; };
		296AF9A91F737F6F0058AF78 /* SendRawTransactionRequest.swift in Sources */ = {isa = PBXBuildFile; fileRef = 296AF9A81F737F6F0058AF78 /* SendRawTransactionRequest.swift */; };
		296AF9AB1F7380920058AF78 /* GetTransactionCountRequest.swift in Sources */ = {isa = PBXBuildFile; fileRef = 296AF9AA1F7380920058AF78 /* GetTransactionCountRequest.swift */; };
		297800521F71FDCF003185C1 /* FormAppearance.swift in Sources */ = {isa = PBXBuildFile; fileRef = 297800511F71FDCF003185C1 /* FormAppearance.swift */; };
		29850D251F6B27A800791A49 /* R.generated.swift in Sources */ = {isa = PBXBuildFile; fileRef = 29850D241F6B27A800791A49 /* R.generated.swift */; };
		29850D291F6B30E400791A49 /* Transaction.storyboard in Resources */ = {isa = PBXBuildFile; fileRef = 29850D281F6B30E400791A49 /* Transaction.storyboard */; };
		29850D2B1F6B30FF00791A49 /* TransactionViewController.swift in Sources */ = {isa = PBXBuildFile; fileRef = 29850D2A1F6B30FF00791A49 /* TransactionViewController.swift */; };
		2996F1431F6C96FF005C33AE /* ImportWalletViewModel.swift in Sources */ = {isa = PBXBuildFile; fileRef = 2996F1421F6C96FF005C33AE /* ImportWalletViewModel.swift */; };
		2996F1461F6C98B3005C33AE /* SettingsViewController.swift in Sources */ = {isa = PBXBuildFile; fileRef = 2996F1451F6C98B3005C33AE /* SettingsViewController.swift */; };
		2996F1481F6C9AE5005C33AE /* SettingsCoordinator.swift in Sources */ = {isa = PBXBuildFile; fileRef = 2996F1471F6C9AE5005C33AE /* SettingsCoordinator.swift */; };
		2996F14A1F6C9D10005C33AE /* ExportCoordinator.swift in Sources */ = {isa = PBXBuildFile; fileRef = 2996F1491F6C9D10005C33AE /* ExportCoordinator.swift */; };
		2996F14D1F6CA743005C33AE /* UIViewController.swift in Sources */ = {isa = PBXBuildFile; fileRef = 2996F14C1F6CA742005C33AE /* UIViewController.swift */; };
		2996F1501F6CA80C005C33AE /* ExportError.swift in Sources */ = {isa = PBXBuildFile; fileRef = 2996F14F1F6CA80C005C33AE /* ExportError.swift */; };
		29A0E1851F706B8C00BAAAED /* String.swift in Sources */ = {isa = PBXBuildFile; fileRef = 29A0E1841F706B8C00BAAAED /* String.swift */; };
		29A0E1871F706D0700BAAAED /* EthereumConverter.swift in Sources */ = {isa = PBXBuildFile; fileRef = 29A0E1861F706D0700BAAAED /* EthereumConverter.swift */; };
		29A13E2C1F6A955700E432A2 /* CreateWalletViewModel.swift in Sources */ = {isa = PBXBuildFile; fileRef = 29A13E2B1F6A955700E432A2 /* CreateWalletViewModel.swift */; };
		29A13E331F6B1B7A00E432A2 /* AppStyle.swift in Sources */ = {isa = PBXBuildFile; fileRef = 29A13E321F6B1B7A00E432A2 /* AppStyle.swift */; };
		29A13E351F6B1E8E00E432A2 /* Welcome.storyboard in Resources */ = {isa = PBXBuildFile; fileRef = 29A13E341F6B1E8E00E432A2 /* Welcome.storyboard */; };
		29BB94931F6FC380009B09CC /* BalanceViewModel.swift in Sources */ = {isa = PBXBuildFile; fileRef = 29BB94921F6FC380009B09CC /* BalanceViewModel.swift */; };
		29BB94951F6FC54C009B09CC /* EthereumUnit.swift in Sources */ = {isa = PBXBuildFile; fileRef = 29BB94941F6FC54C009B09CC /* EthereumUnit.swift */; };
		29BB94971F6FCD60009B09CC /* SendViewModel.swift in Sources */ = {isa = PBXBuildFile; fileRef = 29BB94961F6FCD60009B09CC /* SendViewModel.swift */; };
		29BE3FCE1F706D8800F6BFC2 /* EthereumConverterTests.swift in Sources */ = {isa = PBXBuildFile; fileRef = 29BE3FCD1F706D8800F6BFC2 /* EthereumConverterTests.swift */; };
		29BE3FD01F7071A200F6BFC2 /* UIColor.swift in Sources */ = {isa = PBXBuildFile; fileRef = 29BE3FCF1F7071A200F6BFC2 /* UIColor.swift */; };
		29BE3FD21F707DC300F6BFC2 /* TransactionCoordinator.swift in Sources */ = {isa = PBXBuildFile; fileRef = 29BE3FD11F707DC300F6BFC2 /* TransactionCoordinator.swift */; };
		29C9F5F91F720BD30025C494 /* FloatLabelCell.swift in Sources */ = {isa = PBXBuildFile; fileRef = 29C9F5F81F720BD30025C494 /* FloatLabelCell.swift */; };
		29C9F5FB1F720C050025C494 /* FloatLabelTextField.swift in Sources */ = {isa = PBXBuildFile; fileRef = 29C9F5FA1F720C050025C494 /* FloatLabelTextField.swift */; };
		29CA4B771F6FBBFB0032313D /* RequestViewModel.swift in Sources */ = {isa = PBXBuildFile; fileRef = 29CA4B761F6FBBFB0032313D /* RequestViewModel.swift */; };
		29CA4B791F6FBFD50032313D /* Balance.swift in Sources */ = {isa = PBXBuildFile; fileRef = 29CA4B781F6FBFD50032313D /* Balance.swift */; };
		29CAEB8E1F70A2FB00F7357D /* TransactionViewCellViewModel.swift in Sources */ = {isa = PBXBuildFile; fileRef = 29CAEB8D1F70A2FB00F7357D /* TransactionViewCellViewModel.swift */; };
		29CAEB901F70A3DC00F7357D /* TransactionState.swift in Sources */ = {isa = PBXBuildFile; fileRef = 29CAEB8F1F70A3DC00F7357D /* TransactionState.swift */; };
		29D03F1D1F712183006E548C /* Button.swift in Sources */ = {isa = PBXBuildFile; fileRef = 29D03F1C1F712183006E548C /* Button.swift */; };
		29D72A2A1F6A8D1500CE9209 /* AppCoordinator.swift in Sources */ = {isa = PBXBuildFile; fileRef = 29D72A291F6A8D1500CE9209 /* AppCoordinator.swift */; };
		29EB102A1F6CBD23000907A4 /* UIAlertController.swift in Sources */ = {isa = PBXBuildFile; fileRef = 29EB10291F6CBD23000907A4 /* UIAlertController.swift */; };
		29FF12F61F74799D00AFD326 /* NSAttributedString.swift in Sources */ = {isa = PBXBuildFile; fileRef = 29FF12F51F74799D00AFD326 /* NSAttributedString.swift */; };
		29FF12F81F747D6C00AFD326 /* Error.swift in Sources */ = {isa = PBXBuildFile; fileRef = 29FF12F71F747D6C00AFD326 /* Error.swift */; };
		29FF12FB1F74CC8200AFD326 /* EthereumAddressRule.swift in Sources */ = {isa = PBXBuildFile; fileRef = 29FF12FA1F74CC8200AFD326 /* EthereumAddressRule.swift */; };
		29FF12FE1F75EA3F00AFD326 /* Keystore.swift in Sources */ = {isa = PBXBuildFile; fileRef = 29FF12FD1F75EA3F00AFD326 /* Keystore.swift */; };
		29FF13011F75EAD900AFD326 /* FakeKeystore.swift in Sources */ = {isa = PBXBuildFile; fileRef = 29FF13001F75EAD900AFD326 /* FakeKeystore.swift */; };
		29FF13031F75EB7500AFD326 /* Account.swift in Sources */ = {isa = PBXBuildFile; fileRef = 29FF13021F75EB7500AFD326 /* Account.swift */; };
		29FF13081F75F0AE00AFD326 /* AppCoordinatorTests.swift in Sources */ = {isa = PBXBuildFile; fileRef = 29FF13071F75F0AE00AFD326 /* AppCoordinatorTests.swift */; };
		29FF130A1F75F67200AFD326 /* Address.swift in Sources */ = {isa = PBXBuildFile; fileRef = 29FF13091F75F67200AFD326 /* Address.swift */; };
		29FF130D1F7626E800AFD326 /* FakeNavigationController.swift in Sources */ = {isa = PBXBuildFile; fileRef = 29FF130C1F7626E800AFD326 /* FakeNavigationController.swift */; };
		3CDDD1E2CD1B0180754B7992 /* Pods_Trust.framework in Frameworks */ = {isa = PBXBuildFile; fileRef = 646C8C822C986358D7388602 /* Pods_Trust.framework */; };
		D9F052FDC5B72E024DD05F0D /* Pods_TrustTests.framework in Frameworks */ = {isa = PBXBuildFile; fileRef = A48A17FC2CC895AF2BB871D0 /* Pods_TrustTests.framework */; };
/* End PBXBuildFile section */

/* Begin PBXContainerItemProxy section */
		2912CD0C1F6A830700C6CBE3 /* PBXContainerItemProxy */ = {
			isa = PBXContainerItemProxy;
			containerPortal = 2912CCED1F6A830700C6CBE3 /* Project object */;
			proxyType = 1;
			remoteGlobalIDString = 2912CCF41F6A830700C6CBE3;
			remoteInfo = etherwallet;
		};
		2912CD171F6A830700C6CBE3 /* PBXContainerItemProxy */ = {
			isa = PBXContainerItemProxy;
			containerPortal = 2912CCED1F6A830700C6CBE3 /* Project object */;
			proxyType = 1;
			remoteGlobalIDString = 2912CCF41F6A830700C6CBE3;
			remoteInfo = etherwallet;
		};
/* End PBXContainerItemProxy section */

/* Begin PBXFileReference section */
		0AEE09E815DB68F6634F89AA /* Pods_TrustUITests.framework */ = {isa = PBXFileReference; explicitFileType = wrapper.framework; includeInIndex = 0; path = Pods_TrustUITests.framework; sourceTree = BUILT_PRODUCTS_DIR; };
		2912CCF51F6A830700C6CBE3 /* Trust.app */ = {isa = PBXFileReference; explicitFileType = wrapper.application; includeInIndex = 0; path = Trust.app; sourceTree = BUILT_PRODUCTS_DIR; };
		2912CCF81F6A830700C6CBE3 /* AppDelegate.swift */ = {isa = PBXFileReference; lastKnownFileType = sourcecode.swift; path = AppDelegate.swift; sourceTree = "<group>"; };
		2912CD011F6A830700C6CBE3 /* Assets.xcassets */ = {isa = PBXFileReference; lastKnownFileType = folder.assetcatalog; path = Assets.xcassets; sourceTree = "<group>"; };
		2912CD061F6A830700C6CBE3 /* Info.plist */ = {isa = PBXFileReference; lastKnownFileType = text.plist.xml; path = Info.plist; sourceTree = "<group>"; };
		2912CD0B1F6A830700C6CBE3 /* TrustTests.xctest */ = {isa = PBXFileReference; explicitFileType = wrapper.cfbundle; includeInIndex = 0; path = TrustTests.xctest; sourceTree = BUILT_PRODUCTS_DIR; };
		2912CD0F1F6A830700C6CBE3 /* TrustTests.swift */ = {isa = PBXFileReference; lastKnownFileType = sourcecode.swift; path = TrustTests.swift; sourceTree = "<group>"; };
		2912CD111F6A830700C6CBE3 /* Info.plist */ = {isa = PBXFileReference; lastKnownFileType = text.plist.xml; path = Info.plist; sourceTree = "<group>"; };
		2912CD161F6A830700C6CBE3 /* TrustUITests.xctest */ = {isa = PBXFileReference; explicitFileType = wrapper.cfbundle; includeInIndex = 0; path = TrustUITests.xctest; sourceTree = BUILT_PRODUCTS_DIR; };
		2912CD1A1F6A830700C6CBE3 /* TrustUITests.swift */ = {isa = PBXFileReference; lastKnownFileType = sourcecode.swift; path = TrustUITests.swift; sourceTree = "<group>"; };
		2912CD1C1F6A830700C6CBE3 /* Info.plist */ = {isa = PBXFileReference; lastKnownFileType = text.plist.xml; path = Info.plist; sourceTree = "<group>"; };
		2912CD2A1F6A833E00C6CBE3 /* TransactionsViewController.swift */ = {isa = PBXFileReference; lastKnownFileType = sourcecode.swift; path = TransactionsViewController.swift; sourceTree = "<group>"; };
		2912CD2C1F6A839700C6CBE3 /* CreateWalletViewController.swift */ = {isa = PBXFileReference; lastKnownFileType = sourcecode.swift; path = CreateWalletViewController.swift; sourceTree = "<group>"; };
		2912CD2E1F6A83A100C6CBE3 /* ImportWalletViewController.swift */ = {isa = PBXFileReference; lastKnownFileType = sourcecode.swift; path = ImportWalletViewController.swift; sourceTree = "<group>"; };
		2912CD311F6A83EE00C6CBE3 /* WelcomeViewController.swift */ = {isa = PBXFileReference; lastKnownFileType = sourcecode.swift; path = WelcomeViewController.swift; sourceTree = "<group>"; };
		2912CD331F6A849C00C6CBE3 /* WelcomeViewModel.swift */ = {isa = PBXFileReference; lastKnownFileType = sourcecode.swift; path = WelcomeViewModel.swift; sourceTree = "<group>"; };
		2912CD351F6A853300C6CBE3 /* TransactionsViewModel.swift */ = {isa = PBXFileReference; lastKnownFileType = sourcecode.swift; path = TransactionsViewModel.swift; sourceTree = "<group>"; };
		291EC9DC1F704D340004EDD0 /* TransactionDataStore.swift */ = {isa = PBXFileReference; lastKnownFileType = sourcecode.swift; path = TransactionDataStore.swift; sourceTree = "<group>"; };
		291EC9DE1F7053C50004EDD0 /* NavigationController.swift */ = {isa = PBXFileReference; lastKnownFileType = sourcecode.swift; path = NavigationController.swift; sourceTree = "<group>"; };
		291EC9E11F70565A0004EDD0 /* Transaction.swift */ = {isa = PBXFileReference; lastKnownFileType = sourcecode.swift; path = Transaction.swift; sourceTree = "<group>"; };
		291ED08A1F6F5D2100E7E93A /* Bundle.swift */ = {isa = PBXFileReference; lastKnownFileType = sourcecode.swift; path = Bundle.swift; sourceTree = "<group>"; };
		291ED08C1F6F5F0A00E7E93A /* KeyStoreError.swift */ = {isa = PBXFileReference; lastKnownFileType = sourcecode.swift; path = KeyStoreError.swift; sourceTree = "<group>"; };
		291ED08E1F6F613200E7E93A /* GetTransactionRequest.swift */ = {isa = PBXFileReference; lastKnownFileType = sourcecode.swift; path = GetTransactionRequest.swift; sourceTree = "<group>"; };
		291ED0911F6FA5D900E7E93A /* RequestViewController.swift */ = {isa = PBXFileReference; lastKnownFileType = sourcecode.swift; path = RequestViewController.swift; sourceTree = "<group>"; };
		291F52A11F6B6DCF00B369AB /* EtherClient.swift */ = {isa = PBXFileReference; lastKnownFileType = sourcecode.swift; path = EtherClient.swift; sourceTree = "<group>"; };
		291F52A41F6B762300B369AB /* EtherServiceRequest.swift */ = {isa = PBXFileReference; lastKnownFileType = sourcecode.swift; path = EtherServiceRequest.swift; sourceTree = "<group>"; };
		291F52A61F6B766100B369AB /* BalanceRequest.swift */ = {isa = PBXFileReference; lastKnownFileType = sourcecode.swift; path = BalanceRequest.swift; sourceTree = "<group>"; };
		291F52A81F6B7BE100B369AB /* BlockNumber.swift */ = {isa = PBXFileReference; lastKnownFileType = sourcecode.swift; path = BlockNumber.swift; sourceTree = "<group>"; };
		291F52AC1F6B80AF00B369AB /* SMP String Module.swift */ = {isa = PBXFileReference; lastKnownFileType = sourcecode.swift; path = "SMP String Module.swift"; sourceTree = "<group>"; };
		291F52AD1F6B80AF00B369AB /* MG Basic Math.swift */ = {isa = PBXFileReference; lastKnownFileType = sourcecode.swift; path = "MG Basic Math.swift"; sourceTree = "<group>"; };
		291F52AE1F6B80AF00B369AB /* MG Benchmark Tools.swift */ = {isa = PBXFileReference; lastKnownFileType = sourcecode.swift; path = "MG Benchmark Tools.swift"; sourceTree = "<group>"; };
		291F52AF1F6B80AF00B369AB /* SMP Bignum Extensions.swift */ = {isa = PBXFileReference; lastKnownFileType = sourcecode.swift; path = "SMP Bignum Extensions.swift"; sourceTree = "<group>"; };
		291F52B01F6B80AF00B369AB /* SMP Core.swift */ = {isa = PBXFileReference; lastKnownFileType = sourcecode.swift; path = "SMP Core.swift"; sourceTree = "<group>"; };
		291F52B61F6B870400B369AB /* CastError.swift */ = {isa = PBXFileReference; lastKnownFileType = sourcecode.swift; path = CastError.swift; sourceTree = "<group>"; };
		291F52B81F6B880F00B369AB /* EtherKeystore.swift */ = {isa = PBXFileReference; lastKnownFileType = sourcecode.swift; path = EtherKeystore.swift; sourceTree = "<group>"; };
		291F52BB1F6B8D0600B369AB /* Account.swift */ = {isa = PBXFileReference; lastKnownFileType = sourcecode.swift; path = Account.swift; sourceTree = "<group>"; };
		291F52BE1F6C874E00B369AB /* AccountsViewController.swift */ = {isa = PBXFileReference; lastKnownFileType = sourcecode.swift; path = AccountsViewController.swift; sourceTree = "<group>"; };
		291F52C01F6C8A1F00B369AB /* AccountsViewModel.swift */ = {isa = PBXFileReference; lastKnownFileType = sourcecode.swift; path = AccountsViewModel.swift; sourceTree = "<group>"; };
		29282B521F7630970067F88D /* Token.swift */ = {isa = PBXFileReference; lastKnownFileType = sourcecode.swift; path = Token.swift; sourceTree = "<group>"; };
		29282B541F7636080067F88D /* EtherScanServiceRequest.swift */ = {isa = PBXFileReference; lastKnownFileType = sourcecode.swift; path = EtherScanServiceRequest.swift; sourceTree = "<group>"; };
		29282B571F7636840067F88D /* GetTokensRequest.swift */ = {isa = PBXFileReference; lastKnownFileType = sourcecode.swift; path = GetTokensRequest.swift; sourceTree = "<group>"; };
		29285B411F6FB3E60044CF29 /* SendViewController.swift */ = {isa = PBXFileReference; lastKnownFileType = sourcecode.swift; path = SendViewController.swift; sourceTree = "<group>"; };
		29358D981F78D1E400925D61 /* SnapshotHelper.swift */ = {isa = PBXFileReference; lastKnownFileType = sourcecode.swift; name = SnapshotHelper.swift; path = fastlane/SnapshotHelper.swift; sourceTree = SOURCE_ROOT; };
		29358D9E1F78D5B700925D61 /* Screenshots.swift */ = {isa = PBXFileReference; lastKnownFileType = sourcecode.swift; path = Screenshots.swift; sourceTree = "<group>"; };
		293B8B401F707F4600356286 /* TransactionViewModel.swift */ = {isa = PBXFileReference; lastKnownFileType = sourcecode.swift; path = TransactionViewModel.swift; sourceTree = "<group>"; };
		293B8B421F70815900356286 /* BalanceTitleView.swift */ = {isa = PBXFileReference; lastKnownFileType = sourcecode.swift; path = BalanceTitleView.swift; sourceTree = "<group>"; };
		293B8B441F70A20200356286 /* TransactionViewCell.swift */ = {isa = PBXFileReference; lastKnownFileType = sourcecode.swift; path = TransactionViewCell.swift; sourceTree = "<group>"; };
		294FE5651F72442D00754F31 /* Address.swift */ = {isa = PBXFileReference; lastKnownFileType = sourcecode.swift; path = Address.swift; sourceTree = "<group>"; };
		295A59371F71C1B90092F0FC /* AccountsCoordinator.swift */ = {isa = PBXFileReference; lastKnownFileType = sourcecode.swift; path = AccountsCoordinator.swift; sourceTree = "<group>"; };
		296106BE1F7639250006164B /* FetchTransactionsRequest.swift */ = {isa = PBXFileReference; lastKnownFileType = sourcecode.swift; path = FetchTransactionsRequest.swift; sourceTree = "<group>"; };
		296106C11F76403A0006164B /* TokenViewCell.swift */ = {isa = PBXFileReference; lastKnownFileType = sourcecode.swift; path = TokenViewCell.swift; sourceTree = "<group>"; };
		296106C31F7640C50006164B /* TokenViewCellViewModel.swift */ = {isa = PBXFileReference; lastKnownFileType = sourcecode.swift; path = TokenViewCellViewModel.swift; sourceTree = "<group>"; };
		296106C51F7645CC0006164B /* TokensViewController.swift */ = {isa = PBXFileReference; lastKnownFileType = sourcecode.swift; path = TokensViewController.swift; sourceTree = "<group>"; };
		296106C71F7646590006164B /* TokensViewModel.swift */ = {isa = PBXFileReference; lastKnownFileType = sourcecode.swift; path = TokensViewModel.swift; sourceTree = "<group>"; };
		296106C91F764AB60006164B /* TokensDataStore.swift */ = {isa = PBXFileReference; lastKnownFileType = sourcecode.swift; path = TokensDataStore.swift; sourceTree = "<group>"; };
		296106CB1F776FD00006164B /* WalletCoordinatorTests.swift */ = {isa = PBXFileReference; lastKnownFileType = sourcecode.swift; path = WalletCoordinatorTests.swift; sourceTree = "<group>"; };
		296106CD1F777E410006164B /* LaunchScreen.storyboard */ = {isa = PBXFileReference; lastKnownFileType = file.storyboard; path = LaunchScreen.storyboard; sourceTree = "<group>"; };
		296106CF1F778A8D0006164B /* TransferType.swift */ = {isa = PBXFileReference; lastKnownFileType = sourcecode.swift; path = TransferType.swift; sourceTree = "<group>"; };
		296106D11F78758A0006164B /* ActiveLabelTypes.swift */ = {isa = PBXFileReference; lastKnownFileType = sourcecode.swift; path = ActiveLabelTypes.swift; sourceTree = "<group>"; };
		296421941F70C1EC00EB363B /* LoadingView.swift */ = {isa = PBXFileReference; lastKnownFileType = sourcecode.swift; path = LoadingView.swift; sourceTree = "<group>"; };
		296421961F70C1F200EB363B /* ErrorView.swift */ = {isa = PBXFileReference; lastKnownFileType = sourcecode.swift; path = ErrorView.swift; sourceTree = "<group>"; };
		296421981F70C1F900EB363B /* EmptyView.swift */ = {isa = PBXFileReference; lastKnownFileType = sourcecode.swift; path = EmptyView.swift; sourceTree = "<group>"; };
		296AF9A21F733AB30058AF78 /* WalletCoordinator.swift */ = {isa = PBXFileReference; lastKnownFileType = sourcecode.swift; path = WalletCoordinator.swift; sourceTree = "<group>"; };
		296AF9A41F736BA20058AF78 /* Config.swift */ = {isa = PBXFileReference; lastKnownFileType = sourcecode.swift; path = Config.swift; sourceTree = "<group>"; };
		296AF9A61F736EC70058AF78 /* RPCServers.swift */ = {isa = PBXFileReference; lastKnownFileType = sourcecode.swift; path = RPCServers.swift; sourceTree = "<group>"; };
		296AF9A81F737F6F0058AF78 /* SendRawTransactionRequest.swift */ = {isa = PBXFileReference; lastKnownFileType = sourcecode.swift; path = SendRawTransactionRequest.swift; sourceTree = "<group>"; };
		296AF9AA1F7380920058AF78 /* GetTransactionCountRequest.swift */ = {isa = PBXFileReference; lastKnownFileType = sourcecode.swift; path = GetTransactionCountRequest.swift; sourceTree = "<group>"; };
		297800511F71FDCF003185C1 /* FormAppearance.swift */ = {isa = PBXFileReference; lastKnownFileType = sourcecode.swift; path = FormAppearance.swift; sourceTree = "<group>"; };
		29850D241F6B27A800791A49 /* R.generated.swift */ = {isa = PBXFileReference; lastKnownFileType = sourcecode.swift; path = R.generated.swift; sourceTree = "<group>"; };
		29850D281F6B30E400791A49 /* Transaction.storyboard */ = {isa = PBXFileReference; lastKnownFileType = file.storyboard; path = Transaction.storyboard; sourceTree = "<group>"; };
		29850D2A1F6B30FF00791A49 /* TransactionViewController.swift */ = {isa = PBXFileReference; lastKnownFileType = sourcecode.swift; path = TransactionViewController.swift; sourceTree = "<group>"; };
		2996F1421F6C96FF005C33AE /* ImportWalletViewModel.swift */ = {isa = PBXFileReference; lastKnownFileType = sourcecode.swift; path = ImportWalletViewModel.swift; sourceTree = "<group>"; };
		2996F1451F6C98B3005C33AE /* SettingsViewController.swift */ = {isa = PBXFileReference; lastKnownFileType = sourcecode.swift; path = SettingsViewController.swift; sourceTree = "<group>"; };
		2996F1471F6C9AE5005C33AE /* SettingsCoordinator.swift */ = {isa = PBXFileReference; lastKnownFileType = sourcecode.swift; path = SettingsCoordinator.swift; sourceTree = "<group>"; };
		2996F1491F6C9D10005C33AE /* ExportCoordinator.swift */ = {isa = PBXFileReference; lastKnownFileType = sourcecode.swift; path = ExportCoordinator.swift; sourceTree = "<group>"; };
		2996F14C1F6CA742005C33AE /* UIViewController.swift */ = {isa = PBXFileReference; lastKnownFileType = sourcecode.swift; path = UIViewController.swift; sourceTree = "<group>"; };
		2996F14F1F6CA80C005C33AE /* ExportError.swift */ = {isa = PBXFileReference; lastKnownFileType = sourcecode.swift; path = ExportError.swift; sourceTree = "<group>"; };
		29A0E1841F706B8C00BAAAED /* String.swift */ = {isa = PBXFileReference; lastKnownFileType = sourcecode.swift; path = String.swift; sourceTree = "<group>"; };
		29A0E1861F706D0700BAAAED /* EthereumConverter.swift */ = {isa = PBXFileReference; lastKnownFileType = sourcecode.swift; path = EthereumConverter.swift; sourceTree = "<group>"; };
		29A13E271F6A903500E432A2 /* WelcomeViewModelTests.swift */ = {isa = PBXFileReference; lastKnownFileType = sourcecode.swift; path = WelcomeViewModelTests.swift; sourceTree = "<group>"; };
		29A13E2B1F6A955700E432A2 /* CreateWalletViewModel.swift */ = {isa = PBXFileReference; lastKnownFileType = sourcecode.swift; path = CreateWalletViewModel.swift; sourceTree = "<group>"; };
		29A13E321F6B1B7A00E432A2 /* AppStyle.swift */ = {isa = PBXFileReference; lastKnownFileType = sourcecode.swift; path = AppStyle.swift; sourceTree = "<group>"; };
		29A13E341F6B1E8E00E432A2 /* Welcome.storyboard */ = {isa = PBXFileReference; lastKnownFileType = file.storyboard; path = Welcome.storyboard; sourceTree = "<group>"; };
		29BB94921F6FC380009B09CC /* BalanceViewModel.swift */ = {isa = PBXFileReference; lastKnownFileType = sourcecode.swift; path = BalanceViewModel.swift; sourceTree = "<group>"; };
		29BB94941F6FC54C009B09CC /* EthereumUnit.swift */ = {isa = PBXFileReference; lastKnownFileType = sourcecode.swift; path = EthereumUnit.swift; sourceTree = "<group>"; };
		29BB94961F6FCD60009B09CC /* SendViewModel.swift */ = {isa = PBXFileReference; lastKnownFileType = sourcecode.swift; path = SendViewModel.swift; sourceTree = "<group>"; };
		29BE3FCD1F706D8800F6BFC2 /* EthereumConverterTests.swift */ = {isa = PBXFileReference; lastKnownFileType = sourcecode.swift; path = EthereumConverterTests.swift; sourceTree = "<group>"; };
		29BE3FCF1F7071A200F6BFC2 /* UIColor.swift */ = {isa = PBXFileReference; lastKnownFileType = sourcecode.swift; path = UIColor.swift; sourceTree = "<group>"; };
		29BE3FD11F707DC300F6BFC2 /* TransactionCoordinator.swift */ = {isa = PBXFileReference; lastKnownFileType = sourcecode.swift; path = TransactionCoordinator.swift; sourceTree = "<group>"; };
		29C9F5F81F720BD30025C494 /* FloatLabelCell.swift */ = {isa = PBXFileReference; lastKnownFileType = sourcecode.swift; path = FloatLabelCell.swift; sourceTree = "<group>"; };
		29C9F5FA1F720C050025C494 /* FloatLabelTextField.swift */ = {isa = PBXFileReference; lastKnownFileType = sourcecode.swift; path = FloatLabelTextField.swift; sourceTree = "<group>"; };
		29CA4B761F6FBBFB0032313D /* RequestViewModel.swift */ = {isa = PBXFileReference; lastKnownFileType = sourcecode.swift; path = RequestViewModel.swift; sourceTree = "<group>"; };
		29CA4B781F6FBFD50032313D /* Balance.swift */ = {isa = PBXFileReference; lastKnownFileType = sourcecode.swift; path = Balance.swift; sourceTree = "<group>"; };
		29CAEB8D1F70A2FB00F7357D /* TransactionViewCellViewModel.swift */ = {isa = PBXFileReference; lastKnownFileType = sourcecode.swift; path = TransactionViewCellViewModel.swift; sourceTree = "<group>"; };
		29CAEB8F1F70A3DC00F7357D /* TransactionState.swift */ = {isa = PBXFileReference; lastKnownFileType = sourcecode.swift; path = TransactionState.swift; sourceTree = "<group>"; };
		29D03F1C1F712183006E548C /* Button.swift */ = {isa = PBXFileReference; lastKnownFileType = sourcecode.swift; path = Button.swift; sourceTree = "<group>"; };
		29D72A291F6A8D1500CE9209 /* AppCoordinator.swift */ = {isa = PBXFileReference; lastKnownFileType = sourcecode.swift; path = AppCoordinator.swift; sourceTree = "<group>"; };
		29EB10291F6CBD23000907A4 /* UIAlertController.swift */ = {isa = PBXFileReference; lastKnownFileType = sourcecode.swift; path = UIAlertController.swift; sourceTree = "<group>"; };
		29FF12F51F74799D00AFD326 /* NSAttributedString.swift */ = {isa = PBXFileReference; lastKnownFileType = sourcecode.swift; path = NSAttributedString.swift; sourceTree = "<group>"; };
		29FF12F71F747D6C00AFD326 /* Error.swift */ = {isa = PBXFileReference; lastKnownFileType = sourcecode.swift; path = Error.swift; sourceTree = "<group>"; };
		29FF12FA1F74CC8200AFD326 /* EthereumAddressRule.swift */ = {isa = PBXFileReference; lastKnownFileType = sourcecode.swift; path = EthereumAddressRule.swift; sourceTree = "<group>"; };
		29FF12FD1F75EA3F00AFD326 /* Keystore.swift */ = {isa = PBXFileReference; lastKnownFileType = sourcecode.swift; path = Keystore.swift; sourceTree = "<group>"; };
		29FF13001F75EAD900AFD326 /* FakeKeystore.swift */ = {isa = PBXFileReference; lastKnownFileType = sourcecode.swift; path = FakeKeystore.swift; sourceTree = "<group>"; };
		29FF13021F75EB7500AFD326 /* Account.swift */ = {isa = PBXFileReference; lastKnownFileType = sourcecode.swift; path = Account.swift; sourceTree = "<group>"; };
		29FF13071F75F0AE00AFD326 /* AppCoordinatorTests.swift */ = {isa = PBXFileReference; lastKnownFileType = sourcecode.swift; path = AppCoordinatorTests.swift; sourceTree = "<group>"; };
		29FF13091F75F67200AFD326 /* Address.swift */ = {isa = PBXFileReference; lastKnownFileType = sourcecode.swift; path = Address.swift; sourceTree = "<group>"; };
		29FF130C1F7626E800AFD326 /* FakeNavigationController.swift */ = {isa = PBXFileReference; lastKnownFileType = sourcecode.swift; path = FakeNavigationController.swift; sourceTree = "<group>"; };
		477899BEAA4489DA423E8857 /* Pods-TrustUITests.debug.xcconfig */ = {isa = PBXFileReference; includeInIndex = 1; lastKnownFileType = text.xcconfig; name = "Pods-TrustUITests.debug.xcconfig"; path = "Pods/Target Support Files/Pods-TrustUITests/Pods-TrustUITests.debug.xcconfig"; sourceTree = "<group>"; };
		4DB8204016307EAFC079EA48 /* Pods-Trust.debug.xcconfig */ = {isa = PBXFileReference; includeInIndex = 1; lastKnownFileType = text.xcconfig; name = "Pods-Trust.debug.xcconfig"; path = "Pods/Target Support Files/Pods-Trust/Pods-Trust.debug.xcconfig"; sourceTree = "<group>"; };
		646C8C822C986358D7388602 /* Pods_Trust.framework */ = {isa = PBXFileReference; explicitFileType = wrapper.framework; includeInIndex = 0; path = Pods_Trust.framework; sourceTree = BUILT_PRODUCTS_DIR; };
		87FA1153388F27F599C430B8 /* Pods-TrustTests.debug.xcconfig */ = {isa = PBXFileReference; includeInIndex = 1; lastKnownFileType = text.xcconfig; name = "Pods-TrustTests.debug.xcconfig"; path = "Pods/Target Support Files/Pods-TrustTests/Pods-TrustTests.debug.xcconfig"; sourceTree = "<group>"; };
		A3B747245A27436E621E7E41 /* Pods-TrustUITests.release.xcconfig */ = {isa = PBXFileReference; includeInIndex = 1; lastKnownFileType = text.xcconfig; name = "Pods-TrustUITests.release.xcconfig"; path = "Pods/Target Support Files/Pods-TrustUITests/Pods-TrustUITests.release.xcconfig"; sourceTree = "<group>"; };
		A48A17FC2CC895AF2BB871D0 /* Pods_TrustTests.framework */ = {isa = PBXFileReference; explicitFileType = wrapper.framework; includeInIndex = 0; path = Pods_TrustTests.framework; sourceTree = BUILT_PRODUCTS_DIR; };
		B13A87D3BA5167741E5D0801 /* Pods-Trust.release.xcconfig */ = {isa = PBXFileReference; includeInIndex = 1; lastKnownFileType = text.xcconfig; name = "Pods-Trust.release.xcconfig"; path = "Pods/Target Support Files/Pods-Trust/Pods-Trust.release.xcconfig"; sourceTree = "<group>"; };
		DDF643F2D99BCE8E6139C057 /* Pods-TrustTests.release.xcconfig */ = {isa = PBXFileReference; includeInIndex = 1; lastKnownFileType = text.xcconfig; name = "Pods-TrustTests.release.xcconfig"; path = "Pods/Target Support Files/Pods-TrustTests/Pods-TrustTests.release.xcconfig"; sourceTree = "<group>"; };
/* End PBXFileReference section */

/* Begin PBXFrameworksBuildPhase section */
		2912CCF21F6A830700C6CBE3 /* Frameworks */ = {
			isa = PBXFrameworksBuildPhase;
			buildActionMask = 2147483647;
			files = (
				3CDDD1E2CD1B0180754B7992 /* Pods_Trust.framework in Frameworks */,
			);
			runOnlyForDeploymentPostprocessing = 0;
		};
		2912CD081F6A830700C6CBE3 /* Frameworks */ = {
			isa = PBXFrameworksBuildPhase;
			buildActionMask = 2147483647;
			files = (
				D9F052FDC5B72E024DD05F0D /* Pods_TrustTests.framework in Frameworks */,
			);
			runOnlyForDeploymentPostprocessing = 0;
		};
		2912CD131F6A830700C6CBE3 /* Frameworks */ = {
			isa = PBXFrameworksBuildPhase;
			buildActionMask = 2147483647;
			files = (
				1D2831CD94641E5166E3A798 /* Pods_TrustUITests.framework in Frameworks */,
			);
			runOnlyForDeploymentPostprocessing = 0;
		};
/* End PBXFrameworksBuildPhase section */

/* Begin PBXGroup section */
		2912CCEC1F6A830700C6CBE3 = {
			isa = PBXGroup;
			children = (
				2912CCF71F6A830700C6CBE3 /* Trust */,
				2912CD0E1F6A830700C6CBE3 /* TrustTests */,
				2912CD191F6A830700C6CBE3 /* TrustUITests */,
				2912CCF61F6A830700C6CBE3 /* Products */,
				9A0F00B2D545197C8F7691C2 /* Pods */,
				FAD3F374A5C639BD900944DB /* Frameworks */,
			);
			sourceTree = "<group>";
		};
		2912CCF61F6A830700C6CBE3 /* Products */ = {
			isa = PBXGroup;
			children = (
				2912CCF51F6A830700C6CBE3 /* Trust.app */,
				2912CD0B1F6A830700C6CBE3 /* TrustTests.xctest */,
				2912CD161F6A830700C6CBE3 /* TrustUITests.xctest */,
			);
			name = Products;
			sourceTree = "<group>";
		};
		2912CCF71F6A830700C6CBE3 /* Trust */ = {
			isa = PBXGroup;
			children = (
				291ED0901F6FA5C800E7E93A /* Payment */,
				2912CD371F6A85DA00C6CBE3 /* Coordinator */,
				2996F14E1F6CA802005C33AE /* Export */,
				2996F1441F6C9875005C33AE /* Settings */,
				291F52BD1F6C873600B369AB /* Accounts */,
				291F52BA1F6B8CAF00B369AB /* Models */,
				2912CD301F6A83E100C6CBE3 /* Welcome */,
				2912CD291F6A831D00C6CBE3 /* Transactions */,
				2912CD281F6A831700C6CBE3 /* Wallet */,
				291F52A01F6B6DBC00B369AB /* EtherClient */,
				291F52AA1F6B805400B369AB /* Vendors */,
				291EC9E01F7053C80004EDD0 /* UI */,
				29A13E311F6B1B6C00E432A2 /* Style */,
				2996F14B1F6CA725005C33AE /* Extensions */,
				2912CCF81F6A830700C6CBE3 /* AppDelegate.swift */,
				29850D241F6B27A800791A49 /* R.generated.swift */,
				2912CD011F6A830700C6CBE3 /* Assets.xcassets */,
				2912CD061F6A830700C6CBE3 /* Info.plist */,
				296106CD1F777E410006164B /* LaunchScreen.storyboard */,
			);
			path = Trust;
			sourceTree = "<group>";
		};
		2912CD0E1F6A830700C6CBE3 /* TrustTests */ = {
			isa = PBXGroup;
			children = (
				29FF13041F75F08000AFD326 /* Coordinators */,
				29FF12FF1F75EAC800AFD326 /* Factories */,
				29BE3FCC1F706D7100F6BFC2 /* Models */,
				29A13E261F6A901600E432A2 /* Welcome */,
				2912CD0F1F6A830700C6CBE3 /* TrustTests.swift */,
				2912CD111F6A830700C6CBE3 /* Info.plist */,
			);
			path = TrustTests;
			sourceTree = "<group>";
		};
		2912CD191F6A830700C6CBE3 /* TrustUITests */ = {
			isa = PBXGroup;
			children = (
				2912CD1A1F6A830700C6CBE3 /* TrustUITests.swift */,
				29358D981F78D1E400925D61 /* SnapshotHelper.swift */,
				2912CD1C1F6A830700C6CBE3 /* Info.plist */,
				29358D9E1F78D5B700925D61 /* Screenshots.swift */,
			);
			path = TrustUITests;
			sourceTree = "<group>";
		};
		2912CD281F6A831700C6CBE3 /* Wallet */ = {
			isa = PBXGroup;
			children = (
				2912CD2C1F6A839700C6CBE3 /* CreateWalletViewController.swift */,
				2912CD2E1F6A83A100C6CBE3 /* ImportWalletViewController.swift */,
				29A13E2B1F6A955700E432A2 /* CreateWalletViewModel.swift */,
				2996F1421F6C96FF005C33AE /* ImportWalletViewModel.swift */,
			);
			path = Wallet;
			sourceTree = "<group>";
		};
		2912CD291F6A831D00C6CBE3 /* Transactions */ = {
			isa = PBXGroup;
			children = (
				296106C01F7640240006164B /* Tokens */,
				2912CD2A1F6A833E00C6CBE3 /* TransactionsViewController.swift */,
				2912CD351F6A853300C6CBE3 /* TransactionsViewModel.swift */,
				29850D281F6B30E400791A49 /* Transaction.storyboard */,
				29850D2A1F6B30FF00791A49 /* TransactionViewController.swift */,
				29BB94921F6FC380009B09CC /* BalanceViewModel.swift */,
				291EC9DC1F704D340004EDD0 /* TransactionDataStore.swift */,
				293B8B401F707F4600356286 /* TransactionViewModel.swift */,
				293B8B441F70A20200356286 /* TransactionViewCell.swift */,
				29CAEB8D1F70A2FB00F7357D /* TransactionViewCellViewModel.swift */,
			);
			path = Transactions;
			sourceTree = "<group>";
		};
		2912CD301F6A83E100C6CBE3 /* Welcome */ = {
			isa = PBXGroup;
			children = (
				2912CD311F6A83EE00C6CBE3 /* WelcomeViewController.swift */,
				2912CD331F6A849C00C6CBE3 /* WelcomeViewModel.swift */,
				29A13E341F6B1E8E00E432A2 /* Welcome.storyboard */,
			);
			path = Welcome;
			sourceTree = "<group>";
		};
		2912CD371F6A85DA00C6CBE3 /* Coordinator */ = {
			isa = PBXGroup;
			children = (
				29D72A291F6A8D1500CE9209 /* AppCoordinator.swift */,
				2996F1471F6C9AE5005C33AE /* SettingsCoordinator.swift */,
				2996F1491F6C9D10005C33AE /* ExportCoordinator.swift */,
				29BE3FD11F707DC300F6BFC2 /* TransactionCoordinator.swift */,
				295A59371F71C1B90092F0FC /* AccountsCoordinator.swift */,
				296AF9A21F733AB30058AF78 /* WalletCoordinator.swift */,
			);
			path = Coordinator;
			sourceTree = "<group>";
		};
		291EC9E01F7053C80004EDD0 /* UI */ = {
			isa = PBXGroup;
			children = (
				29FF12F91F74CC6C00AFD326 /* Form */,
				291EC9DE1F7053C50004EDD0 /* NavigationController.swift */,
				293B8B421F70815900356286 /* BalanceTitleView.swift */,
				296421941F70C1EC00EB363B /* LoadingView.swift */,
				296421961F70C1F200EB363B /* ErrorView.swift */,
				296421981F70C1F900EB363B /* EmptyView.swift */,
				29D03F1C1F712183006E548C /* Button.swift */,
				297800511F71FDCF003185C1 /* FormAppearance.swift */,
				29C9F5F81F720BD30025C494 /* FloatLabelCell.swift */,
				29C9F5FA1F720C050025C494 /* FloatLabelTextField.swift */,
				296106D11F78758A0006164B /* ActiveLabelTypes.swift */,
			);
			path = UI;
			sourceTree = "<group>";
		};
		291ED0901F6FA5C800E7E93A /* Payment */ = {
			isa = PBXGroup;
			children = (
				291ED0911F6FA5D900E7E93A /* RequestViewController.swift */,
				29285B411F6FB3E60044CF29 /* SendViewController.swift */,
				29CA4B761F6FBBFB0032313D /* RequestViewModel.swift */,
				29BB94961F6FCD60009B09CC /* SendViewModel.swift */,
				296106CF1F778A8D0006164B /* TransferType.swift */,
			);
			path = Payment;
			sourceTree = "<group>";
		};
		291F52A01F6B6DBC00B369AB /* EtherClient */ = {
			isa = PBXGroup;
			children = (
				296106BD1F76391B0006164B /* Etherscan */,
				29282B561F7636600067F88D /* Ethplorer */,
				291F52A31F6B760A00B369AB /* Requests */,
				291F52A11F6B6DCF00B369AB /* EtherClient.swift */,
				291F52A41F6B762300B369AB /* EtherServiceRequest.swift */,
				291F52B61F6B870400B369AB /* CastError.swift */,
				291F52B81F6B880F00B369AB /* EtherKeystore.swift */,
				291ED08C1F6F5F0A00E7E93A /* KeyStoreError.swift */,
				29FF12FD1F75EA3F00AFD326 /* Keystore.swift */,
				29282B541F7636080067F88D /* EtherScanServiceRequest.swift */,
			);
			path = EtherClient;
			sourceTree = "<group>";
		};
		291F52A31F6B760A00B369AB /* Requests */ = {
			isa = PBXGroup;
			children = (
				291F52A61F6B766100B369AB /* BalanceRequest.swift */,
				291F52A81F6B7BE100B369AB /* BlockNumber.swift */,
				291ED08E1F6F613200E7E93A /* GetTransactionRequest.swift */,
				296AF9A81F737F6F0058AF78 /* SendRawTransactionRequest.swift */,
				296AF9AA1F7380920058AF78 /* GetTransactionCountRequest.swift */,
			);
			path = Requests;
			sourceTree = "<group>";
		};
		291F52AA1F6B805400B369AB /* Vendors */ = {
			isa = PBXGroup;
			children = (
				291F52AB1F6B805F00B369AB /* BigInt */,
			);
			path = Vendors;
			sourceTree = "<group>";
		};
		291F52AB1F6B805F00B369AB /* BigInt */ = {
			isa = PBXGroup;
			children = (
				291F52AD1F6B80AF00B369AB /* MG Basic Math.swift */,
				291F52AE1F6B80AF00B369AB /* MG Benchmark Tools.swift */,
				291F52AF1F6B80AF00B369AB /* SMP Bignum Extensions.swift */,
				291F52B01F6B80AF00B369AB /* SMP Core.swift */,
				291F52AC1F6B80AF00B369AB /* SMP String Module.swift */,
			);
			path = BigInt;
			sourceTree = "<group>";
		};
		291F52BA1F6B8CAF00B369AB /* Models */ = {
			isa = PBXGroup;
			children = (
				291F52BB1F6B8D0600B369AB /* Account.swift */,
				29CA4B781F6FBFD50032313D /* Balance.swift */,
				29BB94941F6FC54C009B09CC /* EthereumUnit.swift */,
				291EC9E11F70565A0004EDD0 /* Transaction.swift */,
				29A0E1861F706D0700BAAAED /* EthereumConverter.swift */,
				29CAEB8F1F70A3DC00F7357D /* TransactionState.swift */,
				294FE5651F72442D00754F31 /* Address.swift */,
				29282B521F7630970067F88D /* Token.swift */,
			);
			path = Models;
			sourceTree = "<group>";
		};
		291F52BD1F6C873600B369AB /* Accounts */ = {
			isa = PBXGroup;
			children = (
				291F52BE1F6C874E00B369AB /* AccountsViewController.swift */,
				291F52C01F6C8A1F00B369AB /* AccountsViewModel.swift */,
			);
			path = Accounts;
			sourceTree = "<group>";
		};
		29282B561F7636600067F88D /* Ethplorer */ = {
			isa = PBXGroup;
			children = (
				29282B571F7636840067F88D /* GetTokensRequest.swift */,
			);
			path = Ethplorer;
			sourceTree = "<group>";
		};
		296106BD1F76391B0006164B /* Etherscan */ = {
			isa = PBXGroup;
			children = (
				296106BE1F7639250006164B /* FetchTransactionsRequest.swift */,
			);
			path = Etherscan;
			sourceTree = "<group>";
		};
		296106C01F7640240006164B /* Tokens */ = {
			isa = PBXGroup;
			children = (
				296106C11F76403A0006164B /* TokenViewCell.swift */,
				296106C31F7640C50006164B /* TokenViewCellViewModel.swift */,
				296106C51F7645CC0006164B /* TokensViewController.swift */,
				296106C71F7646590006164B /* TokensViewModel.swift */,
				296106C91F764AB60006164B /* TokensDataStore.swift */,
			);
			path = Tokens;
			sourceTree = "<group>";
		};
		2996F1441F6C9875005C33AE /* Settings */ = {
			isa = PBXGroup;
			children = (
				2996F1451F6C98B3005C33AE /* SettingsViewController.swift */,
				296AF9A41F736BA20058AF78 /* Config.swift */,
				296AF9A61F736EC70058AF78 /* RPCServers.swift */,
			);
			path = Settings;
			sourceTree = "<group>";
		};
		2996F14B1F6CA725005C33AE /* Extensions */ = {
			isa = PBXGroup;
			children = (
				2996F14C1F6CA742005C33AE /* UIViewController.swift */,
				29EB10291F6CBD23000907A4 /* UIAlertController.swift */,
				291ED08A1F6F5D2100E7E93A /* Bundle.swift */,
				29A0E1841F706B8C00BAAAED /* String.swift */,
				29BE3FCF1F7071A200F6BFC2 /* UIColor.swift */,
				29FF12F51F74799D00AFD326 /* NSAttributedString.swift */,
				29FF12F71F747D6C00AFD326 /* Error.swift */,
			);
			path = Extensions;
			sourceTree = "<group>";
		};
		2996F14E1F6CA802005C33AE /* Export */ = {
			isa = PBXGroup;
			children = (
				2996F14F1F6CA80C005C33AE /* ExportError.swift */,
			);
			path = Export;
			sourceTree = "<group>";
		};
		29A13E261F6A901600E432A2 /* Welcome */ = {
			isa = PBXGroup;
			children = (
				29A13E271F6A903500E432A2 /* WelcomeViewModelTests.swift */,
			);
			path = Welcome;
			sourceTree = "<group>";
		};
		29A13E311F6B1B6C00E432A2 /* Style */ = {
			isa = PBXGroup;
			children = (
				29A13E321F6B1B7A00E432A2 /* AppStyle.swift */,
			);
			path = Style;
			sourceTree = "<group>";
		};
		29BE3FCC1F706D7100F6BFC2 /* Models */ = {
			isa = PBXGroup;
			children = (
				29BE3FCD1F706D8800F6BFC2 /* EthereumConverterTests.swift */,
			);
			path = Models;
			sourceTree = "<group>";
		};
		29FF12F91F74CC6C00AFD326 /* Form */ = {
			isa = PBXGroup;
			children = (
				29FF12FA1F74CC8200AFD326 /* EthereumAddressRule.swift */,
			);
			path = Form;
			sourceTree = "<group>";
		};
		29FF12FF1F75EAC800AFD326 /* Factories */ = {
			isa = PBXGroup;
			children = (
				29FF13001F75EAD900AFD326 /* FakeKeystore.swift */,
				29FF13021F75EB7500AFD326 /* Account.swift */,
				29FF13091F75F67200AFD326 /* Address.swift */,
				29FF130C1F7626E800AFD326 /* FakeNavigationController.swift */,
			);
			path = Factories;
			sourceTree = "<group>";
		};
		29FF13041F75F08000AFD326 /* Coordinators */ = {
			isa = PBXGroup;
			children = (
				29FF13071F75F0AE00AFD326 /* AppCoordinatorTests.swift */,
				296106CB1F776FD00006164B /* WalletCoordinatorTests.swift */,
			);
			path = Coordinators;
			sourceTree = "<group>";
		};
		9A0F00B2D545197C8F7691C2 /* Pods */ = {
			isa = PBXGroup;
			children = (
				4DB8204016307EAFC079EA48 /* Pods-Trust.debug.xcconfig */,
				B13A87D3BA5167741E5D0801 /* Pods-Trust.release.xcconfig */,
				87FA1153388F27F599C430B8 /* Pods-TrustTests.debug.xcconfig */,
				DDF643F2D99BCE8E6139C057 /* Pods-TrustTests.release.xcconfig */,
				477899BEAA4489DA423E8857 /* Pods-TrustUITests.debug.xcconfig */,
				A3B747245A27436E621E7E41 /* Pods-TrustUITests.release.xcconfig */,
			);
			name = Pods;
			sourceTree = "<group>";
		};
		FAD3F374A5C639BD900944DB /* Frameworks */ = {
			isa = PBXGroup;
			children = (
				646C8C822C986358D7388602 /* Pods_Trust.framework */,
				A48A17FC2CC895AF2BB871D0 /* Pods_TrustTests.framework */,
				0AEE09E815DB68F6634F89AA /* Pods_TrustUITests.framework */,
			);
			name = Frameworks;
			sourceTree = "<group>";
		};
/* End PBXGroup section */

/* Begin PBXNativeTarget section */
		2912CCF41F6A830700C6CBE3 /* Trust */ = {
			isa = PBXNativeTarget;
			buildConfigurationList = 2912CD1F1F6A830700C6CBE3 /* Build configuration list for PBXNativeTarget "Trust" */;
			buildPhases = (
				F48CC1C9F6D4FAE6EF587C03 /* [CP] Check Pods Manifest.lock */,
				29336FE81F6B24FF005E3BFC /* R.Swift */,
				2912CCF11F6A830700C6CBE3 /* Sources */,
				2912CCF21F6A830700C6CBE3 /* Frameworks */,
				2912CCF31F6A830700C6CBE3 /* Resources */,
				F291FF6299FBB0600050DA49 /* [CP] Embed Pods Frameworks */,
				2909B06A324FDD6FB858F676 /* [CP] Copy Pods Resources */,
				29282B511F7629DB0067F88D /* ShellScript */,
			);
			buildRules = (
			);
			dependencies = (
			);
			name = Trust;
			productName = etherwallet;
			productReference = 2912CCF51F6A830700C6CBE3 /* Trust.app */;
			productType = "com.apple.product-type.application";
		};
		2912CD0A1F6A830700C6CBE3 /* TrustTests */ = {
			isa = PBXNativeTarget;
			buildConfigurationList = 2912CD221F6A830700C6CBE3 /* Build configuration list for PBXNativeTarget "TrustTests" */;
			buildPhases = (
				558B94C30BF51EDC00493AF8 /* [CP] Check Pods Manifest.lock */,
				2912CD071F6A830700C6CBE3 /* Sources */,
				2912CD081F6A830700C6CBE3 /* Frameworks */,
				2912CD091F6A830700C6CBE3 /* Resources */,
				21113C0DD6E65F7B19B7168D /* [CP] Embed Pods Frameworks */,
				1C9163CAD4D9FEA04F88B1B8 /* [CP] Copy Pods Resources */,
			);
			buildRules = (
			);
			dependencies = (
				2912CD0D1F6A830700C6CBE3 /* PBXTargetDependency */,
			);
			name = TrustTests;
			productName = etherwalletTests;
			productReference = 2912CD0B1F6A830700C6CBE3 /* TrustTests.xctest */;
			productType = "com.apple.product-type.bundle.unit-test";
		};
		2912CD151F6A830700C6CBE3 /* TrustUITests */ = {
			isa = PBXNativeTarget;
			buildConfigurationList = 2912CD251F6A830700C6CBE3 /* Build configuration list for PBXNativeTarget "TrustUITests" */;
			buildPhases = (
				EB2D49CBEF37022D8861D8E0 /* [CP] Check Pods Manifest.lock */,
				2912CD121F6A830700C6CBE3 /* Sources */,
				2912CD131F6A830700C6CBE3 /* Frameworks */,
				2912CD141F6A830700C6CBE3 /* Resources */,
				EE4505A9D0560D5774C59C3B /* [CP] Embed Pods Frameworks */,
				8179B50383DC9D917751421B /* [CP] Copy Pods Resources */,
			);
			buildRules = (
			);
			dependencies = (
				2912CD181F6A830700C6CBE3 /* PBXTargetDependency */,
			);
			name = TrustUITests;
			productName = etherwalletUITests;
			productReference = 2912CD161F6A830700C6CBE3 /* TrustUITests.xctest */;
			productType = "com.apple.product-type.bundle.ui-testing";
		};
/* End PBXNativeTarget section */

/* Begin PBXProject section */
		2912CCED1F6A830700C6CBE3 /* Project object */ = {
			isa = PBXProject;
			attributes = {
				LastSwiftUpdateCheck = 0900;
				LastUpgradeCheck = 0900;
				TargetAttributes = {
					2912CCF41F6A830700C6CBE3 = {
						CreatedOnToolsVersion = 9.0;
						ProvisioningStyle = Automatic;
					};
					2912CD0A1F6A830700C6CBE3 = {
						CreatedOnToolsVersion = 9.0;
						ProvisioningStyle = Automatic;
						TestTargetID = 2912CCF41F6A830700C6CBE3;
					};
					2912CD151F6A830700C6CBE3 = {
						CreatedOnToolsVersion = 9.0;
						ProvisioningStyle = Automatic;
						TestTargetID = 2912CCF41F6A830700C6CBE3;
					};
				};
			};
			buildConfigurationList = 2912CCF01F6A830700C6CBE3 /* Build configuration list for PBXProject "Trust" */;
			compatibilityVersion = "Xcode 8.0";
			developmentRegion = en;
			hasScannedForEncodings = 0;
			knownRegions = (
				en,
				Base,
			);
			mainGroup = 2912CCEC1F6A830700C6CBE3;
			productRefGroup = 2912CCF61F6A830700C6CBE3 /* Products */;
			projectDirPath = "";
			projectRoot = "";
			targets = (
				2912CCF41F6A830700C6CBE3 /* Trust */,
				2912CD0A1F6A830700C6CBE3 /* TrustTests */,
				2912CD151F6A830700C6CBE3 /* TrustUITests */,
			);
		};
/* End PBXProject section */

/* Begin PBXResourcesBuildPhase section */
		2912CCF31F6A830700C6CBE3 /* Resources */ = {
			isa = PBXResourcesBuildPhase;
			buildActionMask = 2147483647;
			files = (
				29850D291F6B30E400791A49 /* Transaction.storyboard in Resources */,
				29A13E351F6B1E8E00E432A2 /* Welcome.storyboard in Resources */,
				296106CE1F777E410006164B /* LaunchScreen.storyboard in Resources */,
				2912CD021F6A830700C6CBE3 /* Assets.xcassets in Resources */,
			);
			runOnlyForDeploymentPostprocessing = 0;
		};
		2912CD091F6A830700C6CBE3 /* Resources */ = {
			isa = PBXResourcesBuildPhase;
			buildActionMask = 2147483647;
			files = (
			);
			runOnlyForDeploymentPostprocessing = 0;
		};
		2912CD141F6A830700C6CBE3 /* Resources */ = {
			isa = PBXResourcesBuildPhase;
			buildActionMask = 2147483647;
			files = (
			);
			runOnlyForDeploymentPostprocessing = 0;
		};
/* End PBXResourcesBuildPhase section */

/* Begin PBXShellScriptBuildPhase section */
		1C9163CAD4D9FEA04F88B1B8 /* [CP] Copy Pods Resources */ = {
			isa = PBXShellScriptBuildPhase;
			buildActionMask = 2147483647;
			files = (
			);
			inputPaths = (
			);
			name = "[CP] Copy Pods Resources";
			outputPaths = (
			);
			runOnlyForDeploymentPostprocessing = 0;
			shellPath = /bin/sh;
			shellScript = "\"${SRCROOT}/Pods/Target Support Files/Pods-TrustTests/Pods-TrustTests-resources.sh\"\n";
			showEnvVarsInLog = 0;
		};
		21113C0DD6E65F7B19B7168D /* [CP] Embed Pods Frameworks */ = {
			isa = PBXShellScriptBuildPhase;
			buildActionMask = 2147483647;
			files = (
			);
			inputPaths = (
			);
			name = "[CP] Embed Pods Frameworks";
			outputPaths = (
			);
			runOnlyForDeploymentPostprocessing = 0;
			shellPath = /bin/sh;
			shellScript = "\"${SRCROOT}/Pods/Target Support Files/Pods-TrustTests/Pods-TrustTests-frameworks.sh\"\n";
			showEnvVarsInLog = 0;
		};
		2909B06A324FDD6FB858F676 /* [CP] Copy Pods Resources */ = {
			isa = PBXShellScriptBuildPhase;
			buildActionMask = 2147483647;
			files = (
			);
			inputPaths = (
			);
			name = "[CP] Copy Pods Resources";
			outputPaths = (
			);
			runOnlyForDeploymentPostprocessing = 0;
			shellPath = /bin/sh;
			shellScript = "\"${SRCROOT}/Pods/Target Support Files/Pods-Trust/Pods-Trust-resources.sh\"\n";
			showEnvVarsInLog = 0;
		};
		29282B511F7629DB0067F88D /* ShellScript */ = {
			isa = PBXShellScriptBuildPhase;
			buildActionMask = 2147483647;
			files = (
			);
			inputPaths = (
			);
			outputPaths = (
			);
			runOnlyForDeploymentPostprocessing = 0;
			shellPath = /bin/sh;
			shellScript = "\"${PODS_ROOT}/SwiftLint/swiftlint\"";
		};
		29336FE81F6B24FF005E3BFC /* R.Swift */ = {
			isa = PBXShellScriptBuildPhase;
			buildActionMask = 2147483647;
			files = (
			);
			inputPaths = (
			);
			name = R.Swift;
			outputPaths = (
			);
			runOnlyForDeploymentPostprocessing = 0;
			shellPath = /bin/sh;
			shellScript = "\"$PODS_ROOT/R.swift/rswift\" \"$SRCROOT/Trust\"";
		};
		558B94C30BF51EDC00493AF8 /* [CP] Check Pods Manifest.lock */ = {
			isa = PBXShellScriptBuildPhase;
			buildActionMask = 2147483647;
			files = (
			);
			inputPaths = (
				"${PODS_PODFILE_DIR_PATH}/Podfile.lock",
				"${PODS_ROOT}/Manifest.lock",
			);
			name = "[CP] Check Pods Manifest.lock";
			outputPaths = (
				"$(DERIVED_FILE_DIR)/Pods-TrustTests-checkManifestLockResult.txt",
			);
			runOnlyForDeploymentPostprocessing = 0;
			shellPath = /bin/sh;
			shellScript = "diff \"${PODS_PODFILE_DIR_PATH}/Podfile.lock\" \"${PODS_ROOT}/Manifest.lock\" > /dev/null\nif [ $? != 0 ] ; then\n    # print error to STDERR\n    echo \"error: The sandbox is not in sync with the Podfile.lock. Run 'pod install' or update your CocoaPods installation.\" >&2\n    exit 1\nfi\n# This output is used by Xcode 'outputs' to avoid re-running this script phase.\necho \"SUCCESS\" > \"${SCRIPT_OUTPUT_FILE_0}\"\n";
			showEnvVarsInLog = 0;
		};
		8179B50383DC9D917751421B /* [CP] Copy Pods Resources */ = {
			isa = PBXShellScriptBuildPhase;
			buildActionMask = 2147483647;
			files = (
			);
			inputPaths = (
			);
			name = "[CP] Copy Pods Resources";
			outputPaths = (
			);
			runOnlyForDeploymentPostprocessing = 0;
			shellPath = /bin/sh;
			shellScript = "\"${SRCROOT}/Pods/Target Support Files/Pods-TrustUITests/Pods-TrustUITests-resources.sh\"\n";
			showEnvVarsInLog = 0;
		};
		EB2D49CBEF37022D8861D8E0 /* [CP] Check Pods Manifest.lock */ = {
			isa = PBXShellScriptBuildPhase;
			buildActionMask = 2147483647;
			files = (
			);
			inputPaths = (
				"${PODS_PODFILE_DIR_PATH}/Podfile.lock",
				"${PODS_ROOT}/Manifest.lock",
			);
			name = "[CP] Check Pods Manifest.lock";
			outputPaths = (
				"$(DERIVED_FILE_DIR)/Pods-TrustUITests-checkManifestLockResult.txt",
			);
			runOnlyForDeploymentPostprocessing = 0;
			shellPath = /bin/sh;
			shellScript = "diff \"${PODS_PODFILE_DIR_PATH}/Podfile.lock\" \"${PODS_ROOT}/Manifest.lock\" > /dev/null\nif [ $? != 0 ] ; then\n    # print error to STDERR\n    echo \"error: The sandbox is not in sync with the Podfile.lock. Run 'pod install' or update your CocoaPods installation.\" >&2\n    exit 1\nfi\n# This output is used by Xcode 'outputs' to avoid re-running this script phase.\necho \"SUCCESS\" > \"${SCRIPT_OUTPUT_FILE_0}\"\n";
			showEnvVarsInLog = 0;
		};
		EE4505A9D0560D5774C59C3B /* [CP] Embed Pods Frameworks */ = {
			isa = PBXShellScriptBuildPhase;
			buildActionMask = 2147483647;
			files = (
			);
			inputPaths = (
			);
			name = "[CP] Embed Pods Frameworks";
			outputPaths = (
			);
			runOnlyForDeploymentPostprocessing = 0;
			shellPath = /bin/sh;
			shellScript = "\"${SRCROOT}/Pods/Target Support Files/Pods-TrustUITests/Pods-TrustUITests-frameworks.sh\"\n";
			showEnvVarsInLog = 0;
		};
		F291FF6299FBB0600050DA49 /* [CP] Embed Pods Frameworks */ = {
			isa = PBXShellScriptBuildPhase;
			buildActionMask = 2147483647;
			files = (
			);
			inputPaths = (
				"${SRCROOT}/Pods/Target Support Files/Pods-Trust/Pods-Trust-frameworks.sh",
				"${BUILT_PRODUCTS_DIR}/APIKit/APIKit.framework",
				"${BUILT_PRODUCTS_DIR}/ActiveLabel/ActiveLabel.framework",
				"${BUILT_PRODUCTS_DIR}/EAIntroView/EAIntroView.framework",
				"${BUILT_PRODUCTS_DIR}/EARestrictedScrollView/EARestrictedScrollView.framework",
				"${BUILT_PRODUCTS_DIR}/Eureka/Eureka.framework",
				"${BUILT_PRODUCTS_DIR}/JSONRPCKit/JSONRPCKit.framework",
				"${BUILT_PRODUCTS_DIR}/KeychainSwift/KeychainSwift.framework",
				"${BUILT_PRODUCTS_DIR}/MBProgressHUD/MBProgressHUD.framework",
				"${BUILT_PRODUCTS_DIR}/QRCodeReaderViewController/QRCodeReaderViewController.framework",
				"${BUILT_PRODUCTS_DIR}/R.swift.Library/Rswift.framework",
				"${BUILT_PRODUCTS_DIR}/Result/Result.framework",
				"${BUILT_PRODUCTS_DIR}/StatefulViewController/StatefulViewController.framework",
			);
			name = "[CP] Embed Pods Frameworks";
			outputPaths = (
				"${TARGET_BUILD_DIR}/${FRAMEWORKS_FOLDER_PATH}/APIKit.framework",
				"${TARGET_BUILD_DIR}/${FRAMEWORKS_FOLDER_PATH}/ActiveLabel.framework",
				"${TARGET_BUILD_DIR}/${FRAMEWORKS_FOLDER_PATH}/EAIntroView.framework",
				"${TARGET_BUILD_DIR}/${FRAMEWORKS_FOLDER_PATH}/EARestrictedScrollView.framework",
				"${TARGET_BUILD_DIR}/${FRAMEWORKS_FOLDER_PATH}/Eureka.framework",
				"${TARGET_BUILD_DIR}/${FRAMEWORKS_FOLDER_PATH}/JSONRPCKit.framework",
				"${TARGET_BUILD_DIR}/${FRAMEWORKS_FOLDER_PATH}/KeychainSwift.framework",
				"${TARGET_BUILD_DIR}/${FRAMEWORKS_FOLDER_PATH}/MBProgressHUD.framework",
				"${TARGET_BUILD_DIR}/${FRAMEWORKS_FOLDER_PATH}/QRCodeReaderViewController.framework",
				"${TARGET_BUILD_DIR}/${FRAMEWORKS_FOLDER_PATH}/Rswift.framework",
				"${TARGET_BUILD_DIR}/${FRAMEWORKS_FOLDER_PATH}/Result.framework",
				"${TARGET_BUILD_DIR}/${FRAMEWORKS_FOLDER_PATH}/StatefulViewController.framework",
			);
			runOnlyForDeploymentPostprocessing = 0;
			shellPath = /bin/sh;
			shellScript = "\"${SRCROOT}/Pods/Target Support Files/Pods-Trust/Pods-Trust-frameworks.sh\"\n";
			showEnvVarsInLog = 0;
		};
		F48CC1C9F6D4FAE6EF587C03 /* [CP] Check Pods Manifest.lock */ = {
			isa = PBXShellScriptBuildPhase;
			buildActionMask = 2147483647;
			files = (
			);
			inputPaths = (
				"${PODS_PODFILE_DIR_PATH}/Podfile.lock",
				"${PODS_ROOT}/Manifest.lock",
			);
			name = "[CP] Check Pods Manifest.lock";
			outputPaths = (
				"$(DERIVED_FILE_DIR)/Pods-Trust-checkManifestLockResult.txt",
			);
			runOnlyForDeploymentPostprocessing = 0;
			shellPath = /bin/sh;
			shellScript = "diff \"${PODS_PODFILE_DIR_PATH}/Podfile.lock\" \"${PODS_ROOT}/Manifest.lock\" > /dev/null\nif [ $? != 0 ] ; then\n    # print error to STDERR\n    echo \"error: The sandbox is not in sync with the Podfile.lock. Run 'pod install' or update your CocoaPods installation.\" >&2\n    exit 1\nfi\n# This output is used by Xcode 'outputs' to avoid re-running this script phase.\necho \"SUCCESS\" > \"${SCRIPT_OUTPUT_FILE_0}\"\n";
			showEnvVarsInLog = 0;
		};
/* End PBXShellScriptBuildPhase section */

/* Begin PBXSourcesBuildPhase section */
		2912CCF11F6A830700C6CBE3 /* Sources */ = {
			isa = PBXSourcesBuildPhase;
			buildActionMask = 2147483647;
			files = (
				29FF12FE1F75EA3F00AFD326 /* Keystore.swift in Sources */,
				296106C41F7640C50006164B /* TokenViewCellViewModel.swift in Sources */,
				291EC9E21F70565A0004EDD0 /* Transaction.swift in Sources */,
				291F52B11F6B814300B369AB /* MG Basic Math.swift in Sources */,
				291EC9DD1F704D340004EDD0 /* TransactionDataStore.swift in Sources */,
				291F52B21F6B814300B369AB /* MG Benchmark Tools.swift in Sources */,
				291ED08F1F6F613200E7E93A /* GetTransactionRequest.swift in Sources */,
				295A59381F71C1B90092F0FC /* AccountsCoordinator.swift in Sources */,
				296421971F70C1F200EB363B /* ErrorView.swift in Sources */,
				29FF12F61F74799D00AFD326 /* NSAttributedString.swift in Sources */,
				293B8B431F70815900356286 /* BalanceTitleView.swift in Sources */,
				291F52B91F6B880F00B369AB /* EtherKeystore.swift in Sources */,
				29BB94971F6FCD60009B09CC /* SendViewModel.swift in Sources */,
				291F52B31F6B814300B369AB /* SMP Bignum Extensions.swift in Sources */,
				296106D01F778A8D0006164B /* TransferType.swift in Sources */,
				296106C81F7646590006164B /* TokensViewModel.swift in Sources */,
				291F52B41F6B814300B369AB /* SMP Core.swift in Sources */,
				2996F14A1F6C9D10005C33AE /* ExportCoordinator.swift in Sources */,
				29BE3FD21F707DC300F6BFC2 /* TransactionCoordinator.swift in Sources */,
				291F52B51F6B814300B369AB /* SMP String Module.swift in Sources */,
				291ED0921F6FA5D900E7E93A /* RequestViewController.swift in Sources */,
				296106C21F76403A0006164B /* TokenViewCell.swift in Sources */,
				29850D251F6B27A800791A49 /* R.generated.swift in Sources */,
				291ED08B1F6F5D2100E7E93A /* Bundle.swift in Sources */,
				296106BF1F7639250006164B /* FetchTransactionsRequest.swift in Sources */,
				293B8B451F70A20200356286 /* TransactionViewCell.swift in Sources */,
				296106C61F7645CC0006164B /* TokensViewController.swift in Sources */,
				29282B531F7630970067F88D /* Token.swift in Sources */,
				29C9F5FB1F720C050025C494 /* FloatLabelTextField.swift in Sources */,
				296421951F70C1EC00EB363B /* LoadingView.swift in Sources */,
				29285B421F6FB3E60044CF29 /* SendViewController.swift in Sources */,
				2996F14D1F6CA743005C33AE /* UIViewController.swift in Sources */,
				296421991F70C1F900EB363B /* EmptyView.swift in Sources */,
				291EC9DF1F7053C50004EDD0 /* NavigationController.swift in Sources */,
				29C9F5F91F720BD30025C494 /* FloatLabelCell.swift in Sources */,
				2912CD361F6A853300C6CBE3 /* TransactionsViewModel.swift in Sources */,
				297800521F71FDCF003185C1 /* FormAppearance.swift in Sources */,
				291F52C11F6C8A1F00B369AB /* AccountsViewModel.swift in Sources */,
				29CAEB8E1F70A2FB00F7357D /* TransactionViewCellViewModel.swift in Sources */,
				29BE3FD01F7071A200F6BFC2 /* UIColor.swift in Sources */,
				2996F1481F6C9AE5005C33AE /* SettingsCoordinator.swift in Sources */,
				29FF12FB1F74CC8200AFD326 /* EthereumAddressRule.swift in Sources */,
				296106D21F78758A0006164B /* ActiveLabelTypes.swift in Sources */,
				29CA4B791F6FBFD50032313D /* Balance.swift in Sources */,
				291F52A71F6B766100B369AB /* BalanceRequest.swift in Sources */,
				29D72A2A1F6A8D1500CE9209 /* AppCoordinator.swift in Sources */,
				29A13E331F6B1B7A00E432A2 /* AppStyle.swift in Sources */,
				29FF12F81F747D6C00AFD326 /* Error.swift in Sources */,
				29282B551F7636080067F88D /* EtherScanServiceRequest.swift in Sources */,
				29282B581F7636840067F88D /* GetTokensRequest.swift in Sources */,
				291F52A51F6B762300B369AB /* EtherServiceRequest.swift in Sources */,
				29EB102A1F6CBD23000907A4 /* UIAlertController.swift in Sources */,
				296AF9A51F736BA20058AF78 /* Config.swift in Sources */,
				2912CD341F6A849C00C6CBE3 /* WelcomeViewModel.swift in Sources */,
				291F52A21F6B6DCF00B369AB /* EtherClient.swift in Sources */,
				2912CD2B1F6A833E00C6CBE3 /* TransactionsViewController.swift in Sources */,
				294FE5661F72442D00754F31 /* Address.swift in Sources */,
				2912CCF91F6A830700C6CBE3 /* AppDelegate.swift in Sources */,
				29A0E1851F706B8C00BAAAED /* String.swift in Sources */,
				296AF9A71F736EC70058AF78 /* RPCServers.swift in Sources */,
				296AF9A91F737F6F0058AF78 /* SendRawTransactionRequest.swift in Sources */,
				2912CD2F1F6A83A100C6CBE3 /* ImportWalletViewController.swift in Sources */,
				2996F1501F6CA80C005C33AE /* ExportError.swift in Sources */,
				2996F1461F6C98B3005C33AE /* SettingsViewController.swift in Sources */,
				29850D2B1F6B30FF00791A49 /* TransactionViewController.swift in Sources */,
				296AF9AB1F7380920058AF78 /* GetTransactionCountRequest.swift in Sources */,
				29CAEB901F70A3DC00F7357D /* TransactionState.swift in Sources */,
				29A13E2C1F6A955700E432A2 /* CreateWalletViewModel.swift in Sources */,
				29CA4B771F6FBBFB0032313D /* RequestViewModel.swift in Sources */,
				293B8B411F707F4600356286 /* TransactionViewModel.swift in Sources */,
				29BB94951F6FC54C009B09CC /* EthereumUnit.swift in Sources */,
				29A0E1871F706D0700BAAAED /* EthereumConverter.swift in Sources */,
				2912CD2D1F6A839700C6CBE3 /* CreateWalletViewController.swift in Sources */,
				291F52B71F6B870400B369AB /* CastError.swift in Sources */,
				291F52BC1F6B8D0600B369AB /* Account.swift in Sources */,
				2912CD321F6A83EE00C6CBE3 /* WelcomeViewController.swift in Sources */,
				291F52A91F6B7BE100B369AB /* BlockNumber.swift in Sources */,
				296106CA1F764AB60006164B /* TokensDataStore.swift in Sources */,
				29BB94931F6FC380009B09CC /* BalanceViewModel.swift in Sources */,
				29D03F1D1F712183006E548C /* Button.swift in Sources */,
				291F52BF1F6C874E00B369AB /* AccountsViewController.swift in Sources */,
				2996F1431F6C96FF005C33AE /* ImportWalletViewModel.swift in Sources */,
				291ED08D1F6F5F0A00E7E93A /* KeyStoreError.swift in Sources */,
				296AF9A31F733AB30058AF78 /* WalletCoordinator.swift in Sources */,
			);
			runOnlyForDeploymentPostprocessing = 0;
		};
		2912CD071F6A830700C6CBE3 /* Sources */ = {
			isa = PBXSourcesBuildPhase;
			buildActionMask = 2147483647;
			files = (
				29FF13031F75EB7500AFD326 /* Account.swift in Sources */,
				29BE3FCE1F706D8800F6BFC2 /* EthereumConverterTests.swift in Sources */,
				29FF13081F75F0AE00AFD326 /* AppCoordinatorTests.swift in Sources */,
				2912CD101F6A830700C6CBE3 /* TrustTests.swift in Sources */,
				29FF130D1F7626E800AFD326 /* FakeNavigationController.swift in Sources */,
				296106CC1F776FD00006164B /* WalletCoordinatorTests.swift in Sources */,
				29FF13011F75EAD900AFD326 /* FakeKeystore.swift in Sources */,
				29336FE71F6B245D005E3BFC /* WelcomeViewModelTests.swift in Sources */,
				29FF130A1F75F67200AFD326 /* Address.swift in Sources */,
			);
			runOnlyForDeploymentPostprocessing = 0;
		};
		2912CD121F6A830700C6CBE3 /* Sources */ = {
			isa = PBXSourcesBuildPhase;
			buildActionMask = 2147483647;
			files = (
				2912CD1B1F6A830700C6CBE3 /* TrustUITests.swift in Sources */,
				29358D9F1F78D5B700925D61 /* Screenshots.swift in Sources */,
				29358D991F78D1E400925D61 /* SnapshotHelper.swift in Sources */,
			);
			runOnlyForDeploymentPostprocessing = 0;
		};
/* End PBXSourcesBuildPhase section */

/* Begin PBXTargetDependency section */
		2912CD0D1F6A830700C6CBE3 /* PBXTargetDependency */ = {
			isa = PBXTargetDependency;
			target = 2912CCF41F6A830700C6CBE3 /* Trust */;
			targetProxy = 2912CD0C1F6A830700C6CBE3 /* PBXContainerItemProxy */;
		};
		2912CD181F6A830700C6CBE3 /* PBXTargetDependency */ = {
			isa = PBXTargetDependency;
			target = 2912CCF41F6A830700C6CBE3 /* Trust */;
			targetProxy = 2912CD171F6A830700C6CBE3 /* PBXContainerItemProxy */;
		};
/* End PBXTargetDependency section */

/* Begin XCBuildConfiguration section */
		2912CD1D1F6A830700C6CBE3 /* Debug */ = {
			isa = XCBuildConfiguration;
			buildSettings = {
				ALWAYS_SEARCH_USER_PATHS = NO;
				CLANG_ANALYZER_NONNULL = YES;
				CLANG_ANALYZER_NUMBER_OBJECT_CONVERSION = YES_AGGRESSIVE;
				CLANG_CXX_LANGUAGE_STANDARD = "gnu++14";
				CLANG_CXX_LIBRARY = "libc++";
				CLANG_ENABLE_MODULES = YES;
				CLANG_ENABLE_OBJC_ARC = YES;
				CLANG_WARN_BLOCK_CAPTURE_AUTORELEASING = YES;
				CLANG_WARN_BOOL_CONVERSION = YES;
				CLANG_WARN_COMMA = YES;
				CLANG_WARN_CONSTANT_CONVERSION = YES;
				CLANG_WARN_DIRECT_OBJC_ISA_USAGE = YES_ERROR;
				CLANG_WARN_DOCUMENTATION_COMMENTS = YES;
				CLANG_WARN_EMPTY_BODY = YES;
				CLANG_WARN_ENUM_CONVERSION = YES;
				CLANG_WARN_INFINITE_RECURSION = YES;
				CLANG_WARN_INT_CONVERSION = YES;
				CLANG_WARN_NON_LITERAL_NULL_CONVERSION = YES;
				CLANG_WARN_OBJC_LITERAL_CONVERSION = YES;
				CLANG_WARN_OBJC_ROOT_CLASS = YES_ERROR;
				CLANG_WARN_RANGE_LOOP_ANALYSIS = YES;
				CLANG_WARN_STRICT_PROTOTYPES = YES;
				CLANG_WARN_SUSPICIOUS_MOVE = YES;
				CLANG_WARN_UNGUARDED_AVAILABILITY = YES_AGGRESSIVE;
				CLANG_WARN_UNREACHABLE_CODE = YES;
				CLANG_WARN__DUPLICATE_METHOD_MATCH = YES;
				CODE_SIGN_IDENTITY = "iPhone Developer";
				COPY_PHASE_STRIP = NO;
				DEBUG_INFORMATION_FORMAT = dwarf;
				ENABLE_STRICT_OBJC_MSGSEND = YES;
				ENABLE_TESTABILITY = YES;
				GCC_C_LANGUAGE_STANDARD = gnu11;
				GCC_DYNAMIC_NO_PIC = NO;
				GCC_NO_COMMON_BLOCKS = YES;
				GCC_OPTIMIZATION_LEVEL = 0;
				GCC_PREPROCESSOR_DEFINITIONS = (
					"DEBUG=1",
					"$(inherited)",
				);
				GCC_WARN_64_TO_32_BIT_CONVERSION = YES;
				GCC_WARN_ABOUT_RETURN_TYPE = YES_ERROR;
				GCC_WARN_UNDECLARED_SELECTOR = YES;
				GCC_WARN_UNINITIALIZED_AUTOS = YES_AGGRESSIVE;
				GCC_WARN_UNUSED_FUNCTION = YES;
				GCC_WARN_UNUSED_VARIABLE = YES;
				IPHONEOS_DEPLOYMENT_TARGET = 11.0;
				MTL_ENABLE_DEBUG_INFO = YES;
				ONLY_ACTIVE_ARCH = YES;
				SDKROOT = iphoneos;
				SWIFT_ACTIVE_COMPILATION_CONDITIONS = DEBUG;
				SWIFT_OPTIMIZATION_LEVEL = "-Onone";
			};
			name = Debug;
		};
		2912CD1E1F6A830700C6CBE3 /* Release */ = {
			isa = XCBuildConfiguration;
			buildSettings = {
				ALWAYS_SEARCH_USER_PATHS = NO;
				CLANG_ANALYZER_NONNULL = YES;
				CLANG_ANALYZER_NUMBER_OBJECT_CONVERSION = YES_AGGRESSIVE;
				CLANG_CXX_LANGUAGE_STANDARD = "gnu++14";
				CLANG_CXX_LIBRARY = "libc++";
				CLANG_ENABLE_MODULES = YES;
				CLANG_ENABLE_OBJC_ARC = YES;
				CLANG_WARN_BLOCK_CAPTURE_AUTORELEASING = YES;
				CLANG_WARN_BOOL_CONVERSION = YES;
				CLANG_WARN_COMMA = YES;
				CLANG_WARN_CONSTANT_CONVERSION = YES;
				CLANG_WARN_DIRECT_OBJC_ISA_USAGE = YES_ERROR;
				CLANG_WARN_DOCUMENTATION_COMMENTS = YES;
				CLANG_WARN_EMPTY_BODY = YES;
				CLANG_WARN_ENUM_CONVERSION = YES;
				CLANG_WARN_INFINITE_RECURSION = YES;
				CLANG_WARN_INT_CONVERSION = YES;
				CLANG_WARN_NON_LITERAL_NULL_CONVERSION = YES;
				CLANG_WARN_OBJC_LITERAL_CONVERSION = YES;
				CLANG_WARN_OBJC_ROOT_CLASS = YES_ERROR;
				CLANG_WARN_RANGE_LOOP_ANALYSIS = YES;
				CLANG_WARN_STRICT_PROTOTYPES = YES;
				CLANG_WARN_SUSPICIOUS_MOVE = YES;
				CLANG_WARN_UNGUARDED_AVAILABILITY = YES_AGGRESSIVE;
				CLANG_WARN_UNREACHABLE_CODE = YES;
				CLANG_WARN__DUPLICATE_METHOD_MATCH = YES;
				CODE_SIGN_IDENTITY = "iPhone Developer";
				COPY_PHASE_STRIP = NO;
				DEBUG_INFORMATION_FORMAT = "dwarf-with-dsym";
				ENABLE_NS_ASSERTIONS = NO;
				ENABLE_STRICT_OBJC_MSGSEND = YES;
				GCC_C_LANGUAGE_STANDARD = gnu11;
				GCC_NO_COMMON_BLOCKS = YES;
				GCC_WARN_64_TO_32_BIT_CONVERSION = YES;
				GCC_WARN_ABOUT_RETURN_TYPE = YES_ERROR;
				GCC_WARN_UNDECLARED_SELECTOR = YES;
				GCC_WARN_UNINITIALIZED_AUTOS = YES_AGGRESSIVE;
				GCC_WARN_UNUSED_FUNCTION = YES;
				GCC_WARN_UNUSED_VARIABLE = YES;
				IPHONEOS_DEPLOYMENT_TARGET = 11.0;
				MTL_ENABLE_DEBUG_INFO = NO;
				SDKROOT = iphoneos;
				SWIFT_OPTIMIZATION_LEVEL = "-Owholemodule";
				VALIDATE_PRODUCT = YES;
			};
			name = Release;
		};
		2912CD201F6A830700C6CBE3 /* Debug */ = {
			isa = XCBuildConfiguration;
			baseConfigurationReference = 4DB8204016307EAFC079EA48 /* Pods-Trust.debug.xcconfig */;
			buildSettings = {
				ASSETCATALOG_COMPILER_APPICON_NAME = AppIcon;
				"CODE_SIGN_IDENTITY[sdk=iphoneos*]" = "iPhone Developer";
				CODE_SIGN_STYLE = Automatic;
				DEVELOPMENT_TEAM = 9873B38DWV;
				ENABLE_BITCODE = NO;
				INFOPLIST_FILE = Trust/Info.plist;
				IPHONEOS_DEPLOYMENT_TARGET = 9.0;
				LD_RUNPATH_SEARCH_PATHS = "$(inherited) @executable_path/Frameworks";
				PRODUCT_BUNDLE_IDENTIFIER = com.sixdays.trust;
				PRODUCT_NAME = "$(TARGET_NAME)";
				PROVISIONING_PROFILE = "";
				PROVISIONING_PROFILE_SPECIFIER = "";
				SWIFT_VERSION = 3.0;
				TARGETED_DEVICE_FAMILY = "1,2";
			};
			name = Debug;
		};
		2912CD211F6A830700C6CBE3 /* Release */ = {
			isa = XCBuildConfiguration;
			baseConfigurationReference = B13A87D3BA5167741E5D0801 /* Pods-Trust.release.xcconfig */;
			buildSettings = {
				ASSETCATALOG_COMPILER_APPICON_NAME = AppIcon;
				"CODE_SIGN_IDENTITY[sdk=iphoneos*]" = "iPhone Developer";
				CODE_SIGN_STYLE = Automatic;
				DEVELOPMENT_TEAM = 9873B38DWV;
				ENABLE_BITCODE = NO;
				INFOPLIST_FILE = Trust/Info.plist;
				IPHONEOS_DEPLOYMENT_TARGET = 9.0;
				LD_RUNPATH_SEARCH_PATHS = "$(inherited) @executable_path/Frameworks";
				PRODUCT_BUNDLE_IDENTIFIER = com.sixdays.trust;
				PRODUCT_NAME = "$(TARGET_NAME)";
				PROVISIONING_PROFILE = "";
				PROVISIONING_PROFILE_SPECIFIER = "";
				SWIFT_VERSION = 3.0;
				TARGETED_DEVICE_FAMILY = "1,2";
			};
			name = Release;
		};
		2912CD231F6A830700C6CBE3 /* Debug */ = {
			isa = XCBuildConfiguration;
			baseConfigurationReference = 87FA1153388F27F599C430B8 /* Pods-TrustTests.debug.xcconfig */;
			buildSettings = {
				ALWAYS_EMBED_SWIFT_STANDARD_LIBRARIES = YES;
				BUNDLE_LOADER = "$(TEST_HOST)";
				CODE_SIGN_STYLE = Automatic;
				DEVELOPMENT_TEAM = 9873B38DWV;
				INFOPLIST_FILE = TrustTests/Info.plist;
				LD_RUNPATH_SEARCH_PATHS = "$(inherited) @executable_path/Frameworks @loader_path/Frameworks";
				PRODUCT_BUNDLE_IDENTIFIER = com.sixdays.TrustTests;
				PRODUCT_NAME = "$(TARGET_NAME)";
				SWIFT_VERSION = 4.0;
				TARGETED_DEVICE_FAMILY = "1,2";
				TEST_HOST = "$(BUILT_PRODUCTS_DIR)/Trust.app/Trust";
			};
			name = Debug;
		};
		2912CD241F6A830700C6CBE3 /* Release */ = {
			isa = XCBuildConfiguration;
			baseConfigurationReference = DDF643F2D99BCE8E6139C057 /* Pods-TrustTests.release.xcconfig */;
			buildSettings = {
				ALWAYS_EMBED_SWIFT_STANDARD_LIBRARIES = YES;
				BUNDLE_LOADER = "$(TEST_HOST)";
				CODE_SIGN_STYLE = Automatic;
				DEVELOPMENT_TEAM = 9873B38DWV;
				INFOPLIST_FILE = TrustTests/Info.plist;
				LD_RUNPATH_SEARCH_PATHS = "$(inherited) @executable_path/Frameworks @loader_path/Frameworks";
				PRODUCT_BUNDLE_IDENTIFIER = com.sixdays.TrustTests;
				PRODUCT_NAME = "$(TARGET_NAME)";
				SWIFT_VERSION = 4.0;
				TARGETED_DEVICE_FAMILY = "1,2";
				TEST_HOST = "$(BUILT_PRODUCTS_DIR)/Trust.app/Trust";
			};
			name = Release;
		};
		2912CD261F6A830700C6CBE3 /* Debug */ = {
			isa = XCBuildConfiguration;
			baseConfigurationReference = 477899BEAA4489DA423E8857 /* Pods-TrustUITests.debug.xcconfig */;
			buildSettings = {
				ALWAYS_EMBED_SWIFT_STANDARD_LIBRARIES = YES;
				CODE_SIGN_STYLE = Automatic;
				DEVELOPMENT_TEAM = 9873B38DWV;
				INFOPLIST_FILE = TrustUITests/Info.plist;
				LD_RUNPATH_SEARCH_PATHS = "$(inherited) @executable_path/Frameworks @loader_path/Frameworks";
				PRODUCT_BUNDLE_IDENTIFIER = com.sixdays.TrustUITests;
				PRODUCT_NAME = "$(TARGET_NAME)";
				SWIFT_VERSION = 4.0;
				TARGETED_DEVICE_FAMILY = "1,2";
				TEST_TARGET_NAME = Trust;
			};
			name = Debug;
		};
		2912CD271F6A830700C6CBE3 /* Release */ = {
			isa = XCBuildConfiguration;
			baseConfigurationReference = A3B747245A27436E621E7E41 /* Pods-TrustUITests.release.xcconfig */;
			buildSettings = {
				ALWAYS_EMBED_SWIFT_STANDARD_LIBRARIES = YES;
				CODE_SIGN_STYLE = Automatic;
				DEVELOPMENT_TEAM = 9873B38DWV;
				INFOPLIST_FILE = TrustUITests/Info.plist;
				LD_RUNPATH_SEARCH_PATHS = "$(inherited) @executable_path/Frameworks @loader_path/Frameworks";
				PRODUCT_BUNDLE_IDENTIFIER = com.sixdays.TrustUITests;
				PRODUCT_NAME = "$(TARGET_NAME)";
				SWIFT_VERSION = 4.0;
				TARGETED_DEVICE_FAMILY = "1,2";
				TEST_TARGET_NAME = Trust;
			};
			name = Release;
		};
/* End XCBuildConfiguration section */

/* Begin XCConfigurationList section */
		2912CCF01F6A830700C6CBE3 /* Build configuration list for PBXProject "Trust" */ = {
			isa = XCConfigurationList;
			buildConfigurations = (
				2912CD1D1F6A830700C6CBE3 /* Debug */,
				2912CD1E1F6A830700C6CBE3 /* Release */,
			);
			defaultConfigurationIsVisible = 0;
			defaultConfigurationName = Release;
		};
		2912CD1F1F6A830700C6CBE3 /* Build configuration list for PBXNativeTarget "Trust" */ = {
			isa = XCConfigurationList;
			buildConfigurations = (
				2912CD201F6A830700C6CBE3 /* Debug */,
				2912CD211F6A830700C6CBE3 /* Release */,
			);
			defaultConfigurationIsVisible = 0;
			defaultConfigurationName = Release;
		};
		2912CD221F6A830700C6CBE3 /* Build configuration list for PBXNativeTarget "TrustTests" */ = {
			isa = XCConfigurationList;
			buildConfigurations = (
				2912CD231F6A830700C6CBE3 /* Debug */,
				2912CD241F6A830700C6CBE3 /* Release */,
			);
			defaultConfigurationIsVisible = 0;
			defaultConfigurationName = Release;
		};
		2912CD251F6A830700C6CBE3 /* Build configuration list for PBXNativeTarget "TrustUITests" */ = {
			isa = XCConfigurationList;
			buildConfigurations = (
				2912CD261F6A830700C6CBE3 /* Debug */,
				2912CD271F6A830700C6CBE3 /* Release */,
			);
			defaultConfigurationIsVisible = 0;
			defaultConfigurationName = Release;
		};
/* End XCConfigurationList section */
	};
	rootObject = 2912CCED1F6A830700C6CBE3 /* Project object */;
}
